// !$*UTF8*$!
{
	archiveVersion = 1;
	classes = {
	};
	objectVersion = 56;
	objects = {

/* Begin PBXBuildFile section */
		3628667B2A8B670200CD42BC /* SignUpViewController.swift in Sources */ = {isa = PBXBuildFile; fileRef = 3628667A2A8B670200CD42BC /* SignUpViewController.swift */; };
		362866802A8B688300CD42BC /* DefaultTextField.swift in Sources */ = {isa = PBXBuildFile; fileRef = 3628667F2A8B688300CD42BC /* DefaultTextField.swift */; };
		362866822A8B6B3600CD42BC /* UILabel+Extension.swift in Sources */ = {isa = PBXBuildFile; fileRef = 362866812A8B6B3600CD42BC /* UILabel+Extension.swift */; };
		362866842A8B71B700CD42BC /* SignUpViewModel.swift in Sources */ = {isa = PBXBuildFile; fileRef = 362866832A8B71B700CD42BC /* SignUpViewModel.swift */; };
		3628668B2A8DF40F00CD42BC /* APIConfig.swift in Sources */ = {isa = PBXBuildFile; fileRef = 3628668A2A8DF40F00CD42BC /* APIConfig.swift */; };
		3628668E2A8DF4EA00CD42BC /* UserInfoProvider.swift in Sources */ = {isa = PBXBuildFile; fileRef = 3628668D2A8DF4EA00CD42BC /* UserInfoProvider.swift */; };
		362866902A8DF5C900CD42BC /* String+Extension.swift in Sources */ = {isa = PBXBuildFile; fileRef = 3628668F2A8DF5C900CD42BC /* String+Extension.swift */; };
		362866942A8E3D4700CD42BC /* Single+Codable.swift in Sources */ = {isa = PBXBuildFile; fileRef = 362866932A8E3D4700CD42BC /* Single+Codable.swift */; };
		362866972A8E3D8200CD42BC /* Response+Codable.swift in Sources */ = {isa = PBXBuildFile; fileRef = 362866962A8E3D8200CD42BC /* Response+Codable.swift */; };
		3628669A2A8E3E3700CD42BC /* UserInfoAPIModel.swift in Sources */ = {isa = PBXBuildFile; fileRef = 362866992A8E3E3700CD42BC /* UserInfoAPIModel.swift */; };
		364BCC6A2AB3672500E14B25 /* DynamicHeightCollectionView.swift in Sources */ = {isa = PBXBuildFile; fileRef = 364BCC692AB3672500E14B25 /* DynamicHeightCollectionView.swift */; };
		364BCC6C2AB3673900E14B25 /* LeftAlignedCollectionViewFlowLayout.swift in Sources */ = {isa = PBXBuildFile; fileRef = 364BCC6B2AB3673900E14B25 /* LeftAlignedCollectionViewFlowLayout.swift */; };
		364BCC6E2AB36A4900E14B25 /* Job.swift in Sources */ = {isa = PBXBuildFile; fileRef = 364BCC6D2AB36A4900E14B25 /* Job.swift */; };
		364BCC702AB36A5900E14B25 /* Interest.swift in Sources */ = {isa = PBXBuildFile; fileRef = 364BCC6F2AB36A5900E14B25 /* Interest.swift */; };
		3650F61B2A849BF10017645D /* UIColor+Extension.swift in Sources */ = {isa = PBXBuildFile; fileRef = 3650F61A2A849BF10017645D /* UIColor+Extension.swift */; };
		3650F6212A86715C0017645D /* Pretendard-Regular.ttf in Resources */ = {isa = PBXBuildFile; fileRef = 3650F61E2A86715C0017645D /* Pretendard-Regular.ttf */; };
		3650F6222A86715C0017645D /* Pretendard-Medium.ttf in Resources */ = {isa = PBXBuildFile; fileRef = 3650F61F2A86715C0017645D /* Pretendard-Medium.ttf */; };
		3650F6232A86715C0017645D /* Pretendard-Bold.ttf in Resources */ = {isa = PBXBuildFile; fileRef = 3650F6202A86715C0017645D /* Pretendard-Bold.ttf */; };
		3650F6262A8672010017645D /* UIFont+Extension.swift in Sources */ = {isa = PBXBuildFile; fileRef = 3650F6252A8672010017645D /* UIFont+Extension.swift */; };
		36AC7BD52AAE852E00478030 /* SignUpPhoneNumberViewModel.swift in Sources */ = {isa = PBXBuildFile; fileRef = 36AC7BD42AAE852E00478030 /* SignUpPhoneNumberViewModel.swift */; };
		36AC7BD72AAE883500478030 /* UITableView+Extension.swift in Sources */ = {isa = PBXBuildFile; fileRef = 36AC7BD62AAE883500478030 /* UITableView+Extension.swift */; };
		36AC7BD92AAE88F400478030 /* TermsCell.swift in Sources */ = {isa = PBXBuildFile; fileRef = 36AC7BD82AAE88F400478030 /* TermsCell.swift */; };
		36BCC7E02AA31A350060E35A /* SignUpInfoViewController.swift in Sources */ = {isa = PBXBuildFile; fileRef = 36BCC7DF2AA31A350060E35A /* SignUpInfoViewController.swift */; };
		36BCC7E22AA328AB0060E35A /* SignUpPhoneNumberViewController.swift in Sources */ = {isa = PBXBuildFile; fileRef = 36BCC7E12AA328AB0060E35A /* SignUpPhoneNumberViewController.swift */; };
		36BCC7E42AA32B530060E35A /* SignUpSuccessViewController.swift in Sources */ = {isa = PBXBuildFile; fileRef = 36BCC7E32AA32B530060E35A /* SignUpSuccessViewController.swift */; };
		36BCC7E62AA5E0180060E35A /* CustomButton.swift in Sources */ = {isa = PBXBuildFile; fileRef = 36BCC7E52AA5E0180060E35A /* CustomButton.swift */; };
		36D293D22A961E7300171C77 /* SignUpSelectionViewController.swift in Sources */ = {isa = PBXBuildFile; fileRef = 36D293D12A961E7300171C77 /* SignUpSelectionViewController.swift */; };
		36D293D42A961FDB00171C77 /* SelectionBlock.swift in Sources */ = {isa = PBXBuildFile; fileRef = 36D293D32A961FDB00171C77 /* SelectionBlock.swift */; };
		36D293D62A96270900171C77 /* StepIndicator.swift in Sources */ = {isa = PBXBuildFile; fileRef = 36D293D52A96270900171C77 /* StepIndicator.swift */; };
		36E2693F2AAAEEDA0034B485 /* NavigationTitleView.swift in Sources */ = {isa = PBXBuildFile; fileRef = 36E2693E2AAAEEDA0034B485 /* NavigationTitleView.swift */; };
		36E269412AAAEF420034B485 /* NavigationLeftBarButtonItem.swift in Sources */ = {isa = PBXBuildFile; fileRef = 36E269402AAAEF420034B485 /* NavigationLeftBarButtonItem.swift */; };
		36F50AA92A962C9800991C9B /* EmptyView.swift in Sources */ = {isa = PBXBuildFile; fileRef = 36F50AA82A962C9800991C9B /* EmptyView.swift */; };
		36F50AAC2A9897AA00991C9B /* SelectionCell.swift in Sources */ = {isa = PBXBuildFile; fileRef = 36F50AAB2A9897AA00991C9B /* SelectionCell.swift */; };
		AB3F07192AADAA9200E54A25 /* FindIDCell.swift in Sources */ = {isa = PBXBuildFile; fileRef = AB3F07172AADAA9200E54A25 /* FindIDCell.swift */; };
		AB3F071A2AADAA9200E54A25 /* FindIDCell.xib in Resources */ = {isa = PBXBuildFile; fileRef = AB3F07182AADAA9200E54A25 /* FindIDCell.xib */; };
		AB3F071D2AADADB700E54A25 /* FindPasswordCell.swift in Sources */ = {isa = PBXBuildFile; fileRef = AB3F071B2AADADB700E54A25 /* FindPasswordCell.swift */; };
		AB3F071E2AADADB700E54A25 /* FindPasswordCell.xib in Resources */ = {isa = PBXBuildFile; fileRef = AB3F071C2AADADB700E54A25 /* FindPasswordCell.xib */; };
		AB3F07202AADB72500E54A25 /* UICollectionView+Extension.swift in Sources */ = {isa = PBXBuildFile; fileRef = AB3F071F2AADB72500E54A25 /* UICollectionView+Extension.swift */; };
		AB4546502AAB452D0019B27F /* UIButton+Extension.swift in Sources */ = {isa = PBXBuildFile; fileRef = AB45464F2AAB452D0019B27F /* UIButton+Extension.swift */; };
		AB49A32B2A8104E000748484 /* SceneCoordinatorType.swift in Sources */ = {isa = PBXBuildFile; fileRef = AB49A32A2A8104E000748484 /* SceneCoordinatorType.swift */; };
		AB49A32D2A81053200748484 /* Scene.swift in Sources */ = {isa = PBXBuildFile; fileRef = AB49A32C2A81053200748484 /* Scene.swift */; };
		AB49A32F2A81055900748484 /* TransitionModel.swift in Sources */ = {isa = PBXBuildFile; fileRef = AB49A32E2A81055800748484 /* TransitionModel.swift */; };
		AB49A3332A8107A500748484 /* SceneCoordinator.swift in Sources */ = {isa = PBXBuildFile; fileRef = AB49A3322A8107A500748484 /* SceneCoordinator.swift */; };
		AB49A33A2A810B3500748484 /* LoginViewModel.swift in Sources */ = {isa = PBXBuildFile; fileRef = AB49A3392A810B3500748484 /* LoginViewModel.swift */; };
		AB49A33C2A810CAA00748484 /* ViewModelBindableType.swift in Sources */ = {isa = PBXBuildFile; fileRef = AB49A33B2A810CAA00748484 /* ViewModelBindableType.swift */; };
		AB49A33F2A810FE000748484 /* LoginViewController.swift in Sources */ = {isa = PBXBuildFile; fileRef = AB49A33D2A810FE000748484 /* LoginViewController.swift */; };
		AB49A3402A810FE000748484 /* LoginViewController.xib in Resources */ = {isa = PBXBuildFile; fileRef = AB49A33E2A810FE000748484 /* LoginViewController.xib */; };
		AB49A3442A81158900748484 /* FindIDPasswordViewController.swift in Sources */ = {isa = PBXBuildFile; fileRef = AB49A3422A81158900748484 /* FindIDPasswordViewController.swift */; };
		AB49A3452A81158900748484 /* FindIDPasswordViewController.xib in Resources */ = {isa = PBXBuildFile; fileRef = AB49A3432A81158900748484 /* FindIDPasswordViewController.xib */; };
		AB49A3472A81159F00748484 /* FindIDPasswordViewModel.swift in Sources */ = {isa = PBXBuildFile; fileRef = AB49A3462A81159F00748484 /* FindIDPasswordViewModel.swift */; };
		AB49A3492A8119B900748484 /* CommonViewModel.swift in Sources */ = {isa = PBXBuildFile; fileRef = AB49A3482A8119B900748484 /* CommonViewModel.swift */; };
		AB6002362A7E375D000CF1FD /* AppDelegate.swift in Sources */ = {isa = PBXBuildFile; fileRef = AB6002352A7E375D000CF1FD /* AppDelegate.swift */; };
		AB60023A2A7E375D000CF1FD /* ViewController.swift in Sources */ = {isa = PBXBuildFile; fileRef = AB6002392A7E375D000CF1FD /* ViewController.swift */; };
		AB60023D2A7E375D000CF1FD /* Main.storyboard in Resources */ = {isa = PBXBuildFile; fileRef = AB60023B2A7E375D000CF1FD /* Main.storyboard */; };
		AB6002422A7E375D000CF1FD /* Assets.xcassets in Resources */ = {isa = PBXBuildFile; fileRef = AB6002412A7E375D000CF1FD /* Assets.xcassets */; };
		AB6002452A7E375D000CF1FD /* LaunchScreen.storyboard in Resources */ = {isa = PBXBuildFile; fileRef = AB6002432A7E375D000CF1FD /* LaunchScreen.storyboard */; };
		AB6148FE2A90A8050079CEC9 /* NaverThirdPartyLogin in Frameworks */ = {isa = PBXBuildFile; productRef = AB6148FD2A90A8050079CEC9 /* NaverThirdPartyLogin */; };
		AB6149012A90A8610079CEC9 /* RxCocoa in Frameworks */ = {isa = PBXBuildFile; productRef = AB6149002A90A8610079CEC9 /* RxCocoa */; };
		AB6149032A90A8610079CEC9 /* RxSwift in Frameworks */ = {isa = PBXBuildFile; productRef = AB6149022A90A8610079CEC9 /* RxSwift */; };
		AB6149122A90A9F40079CEC9 /* RxDataSources in Frameworks */ = {isa = PBXBuildFile; productRef = AB6149112A90A9F40079CEC9 /* RxDataSources */; };
		AB6149152A90AA140079CEC9 /* NSObject-Rx in Frameworks */ = {isa = PBXBuildFile; productRef = AB6149142A90AA140079CEC9 /* NSObject-Rx */; };
		AB6149182A90AA3E0079CEC9 /* SnapKit in Frameworks */ = {isa = PBXBuildFile; productRef = AB6149172A90AA3E0079CEC9 /* SnapKit */; };
		AB61491B2A90AA820079CEC9 /* Kingfisher in Frameworks */ = {isa = PBXBuildFile; productRef = AB61491A2A90AA820079CEC9 /* Kingfisher */; };
		AB61491E2A90AAB00079CEC9 /* SkeletonView in Frameworks */ = {isa = PBXBuildFile; productRef = AB61491D2A90AAB00079CEC9 /* SkeletonView */; };
		AB6149212A90AC890079CEC9 /* Then in Frameworks */ = {isa = PBXBuildFile; productRef = AB6149202A90AC890079CEC9 /* Then */; };
		AB6149242A90AD4D0079CEC9 /* KakaoSDK in Frameworks */ = {isa = PBXBuildFile; productRef = AB6149232A90AD4D0079CEC9 /* KakaoSDK */; };
		AB6149262A90AD4D0079CEC9 /* KakaoSDKAuth in Frameworks */ = {isa = PBXBuildFile; productRef = AB6149252A90AD4D0079CEC9 /* KakaoSDKAuth */; };
		AB6149282A90AD4D0079CEC9 /* KakaoSDKCommon in Frameworks */ = {isa = PBXBuildFile; productRef = AB6149272A90AD4D0079CEC9 /* KakaoSDKCommon */; };
		AB61492A2A90AD4D0079CEC9 /* KakaoSDKUser in Frameworks */ = {isa = PBXBuildFile; productRef = AB6149292A90AD4D0079CEC9 /* KakaoSDKUser */; };
		AB61492D2A90AD980079CEC9 /* RxKakaoSDK in Frameworks */ = {isa = PBXBuildFile; productRef = AB61492C2A90AD980079CEC9 /* RxKakaoSDK */; };
		AB61492F2A90AD980079CEC9 /* RxKakaoSDKAuth in Frameworks */ = {isa = PBXBuildFile; productRef = AB61492E2A90AD980079CEC9 /* RxKakaoSDKAuth */; };
		AB6149312A90AD980079CEC9 /* RxKakaoSDKCommon in Frameworks */ = {isa = PBXBuildFile; productRef = AB6149302A90AD980079CEC9 /* RxKakaoSDKCommon */; };
		AB6149332A90AD980079CEC9 /* RxKakaoSDKUser in Frameworks */ = {isa = PBXBuildFile; productRef = AB6149322A90AD980079CEC9 /* RxKakaoSDKUser */; };
		AB6149362A90B6CC0079CEC9 /* CombineMoya in Frameworks */ = {isa = PBXBuildFile; productRef = AB6149352A90B6CC0079CEC9 /* CombineMoya */; };
		AB6149382A90B6CC0079CEC9 /* Moya in Frameworks */ = {isa = PBXBuildFile; productRef = AB6149372A90B6CC0079CEC9 /* Moya */; };
		AB61493A2A90B6CC0079CEC9 /* ReactiveMoya in Frameworks */ = {isa = PBXBuildFile; productRef = AB6149392A90B6CC0079CEC9 /* ReactiveMoya */; };
		AB61493C2A90B6CC0079CEC9 /* RxMoya in Frameworks */ = {isa = PBXBuildFile; productRef = AB61493B2A90B6CC0079CEC9 /* RxMoya */; };
		AB61493E2A90D4410079CEC9 /* ToastManager.swift in Sources */ = {isa = PBXBuildFile; fileRef = AB61493D2A90D4410079CEC9 /* ToastManager.swift */; };
		AB6785542AA3335A00ACD35C /* EmailLoginViewModel.swift in Sources */ = {isa = PBXBuildFile; fileRef = AB6785532AA3335A00ACD35C /* EmailLoginViewModel.swift */; };
		AB6785572AA3336900ACD35C /* EmailLoginViewController.swift in Sources */ = {isa = PBXBuildFile; fileRef = AB6785552AA3336900ACD35C /* EmailLoginViewController.swift */; };
		AB6785582AA3336900ACD35C /* EmailLoginViewController.xib in Resources */ = {isa = PBXBuildFile; fileRef = AB6785562AA3336900ACD35C /* EmailLoginViewController.xib */; };
		AB67855C2AA3374F00ACD35C /* EmailSignUpViewController.swift in Sources */ = {isa = PBXBuildFile; fileRef = AB67855A2AA3374F00ACD35C /* EmailSignUpViewController.swift */; };
		AB67855D2AA3374F00ACD35C /* EmailSignUpViewController.xib in Resources */ = {isa = PBXBuildFile; fileRef = AB67855B2AA3374F00ACD35C /* EmailSignUpViewController.xib */; };
		AB79B3B92A9E298B008EBAA2 /* QuestionViewModel.swift in Sources */ = {isa = PBXBuildFile; fileRef = AB79B3B82A9E298B008EBAA2 /* QuestionViewModel.swift */; };
		AB79B3BC2A9E29C4008EBAA2 /* QuestionViewController.swift in Sources */ = {isa = PBXBuildFile; fileRef = AB79B3BA2A9E29C4008EBAA2 /* QuestionViewController.swift */; };
		AB79B3BD2A9E29C4008EBAA2 /* QuestionViewController.xib in Resources */ = {isa = PBXBuildFile; fileRef = AB79B3BB2A9E29C4008EBAA2 /* QuestionViewController.xib */; };
		AB9885122AA476FF00282C07 /* Rx+Extension.swift in Sources */ = {isa = PBXBuildFile; fileRef = AB9885112AA476FF00282C07 /* Rx+Extension.swift */; };
		ABA47FF72A850AE600B64403 /* UIView+Extension.swift in Sources */ = {isa = PBXBuildFile; fileRef = ABA47FF62A850AE600B64403 /* UIView+Extension.swift */; };
		ABAFA3392A9F5ECB00D50BAF /* QuestionInfoAPIModel.swift in Sources */ = {isa = PBXBuildFile; fileRef = ABAFA3382A9F5ECB00D50BAF /* QuestionInfoAPIModel.swift */; };
		ABAFA33B2A9F612900D50BAF /* QuestionInfoProvider.swift in Sources */ = {isa = PBXBuildFile; fileRef = ABAFA33A2A9F612900D50BAF /* QuestionInfoProvider.swift */; };
		ABF3034B2AA33E4A00C14AF7 /* EmailSignUpViewModel.swift in Sources */ = {isa = PBXBuildFile; fileRef = ABF3034A2AA33E4A00C14AF7 /* EmailSignUpViewModel.swift */; };
/* End PBXBuildFile section */

/* Begin PBXFileReference section */
		3628667A2A8B670200CD42BC /* SignUpViewController.swift */ = {isa = PBXFileReference; lastKnownFileType = sourcecode.swift; path = SignUpViewController.swift; sourceTree = "<group>"; };
		3628667F2A8B688300CD42BC /* DefaultTextField.swift */ = {isa = PBXFileReference; lastKnownFileType = sourcecode.swift; path = DefaultTextField.swift; sourceTree = "<group>"; };
		362866812A8B6B3600CD42BC /* UILabel+Extension.swift */ = {isa = PBXFileReference; lastKnownFileType = sourcecode.swift; path = "UILabel+Extension.swift"; sourceTree = "<group>"; };
		362866832A8B71B700CD42BC /* SignUpViewModel.swift */ = {isa = PBXFileReference; lastKnownFileType = sourcecode.swift; path = SignUpViewModel.swift; sourceTree = "<group>"; };
		3628668A2A8DF40F00CD42BC /* APIConfig.swift */ = {isa = PBXFileReference; lastKnownFileType = sourcecode.swift; path = APIConfig.swift; sourceTree = "<group>"; };
		3628668D2A8DF4EA00CD42BC /* UserInfoProvider.swift */ = {isa = PBXFileReference; lastKnownFileType = sourcecode.swift; path = UserInfoProvider.swift; sourceTree = "<group>"; };
		3628668F2A8DF5C900CD42BC /* String+Extension.swift */ = {isa = PBXFileReference; lastKnownFileType = sourcecode.swift; path = "String+Extension.swift"; sourceTree = "<group>"; };
		362866932A8E3D4700CD42BC /* Single+Codable.swift */ = {isa = PBXFileReference; lastKnownFileType = sourcecode.swift; path = "Single+Codable.swift"; sourceTree = "<group>"; };
		362866962A8E3D8200CD42BC /* Response+Codable.swift */ = {isa = PBXFileReference; lastKnownFileType = sourcecode.swift; path = "Response+Codable.swift"; sourceTree = "<group>"; };
		362866992A8E3E3700CD42BC /* UserInfoAPIModel.swift */ = {isa = PBXFileReference; lastKnownFileType = sourcecode.swift; path = UserInfoAPIModel.swift; sourceTree = "<group>"; };
		364BCC692AB3672500E14B25 /* DynamicHeightCollectionView.swift */ = {isa = PBXFileReference; lastKnownFileType = sourcecode.swift; path = DynamicHeightCollectionView.swift; sourceTree = "<group>"; };
		364BCC6B2AB3673900E14B25 /* LeftAlignedCollectionViewFlowLayout.swift */ = {isa = PBXFileReference; lastKnownFileType = sourcecode.swift; path = LeftAlignedCollectionViewFlowLayout.swift; sourceTree = "<group>"; };
		364BCC6D2AB36A4900E14B25 /* Job.swift */ = {isa = PBXFileReference; lastKnownFileType = sourcecode.swift; path = Job.swift; sourceTree = "<group>"; };
		364BCC6F2AB36A5900E14B25 /* Interest.swift */ = {isa = PBXFileReference; lastKnownFileType = sourcecode.swift; path = Interest.swift; sourceTree = "<group>"; };
		3650F61A2A849BF10017645D /* UIColor+Extension.swift */ = {isa = PBXFileReference; lastKnownFileType = sourcecode.swift; path = "UIColor+Extension.swift"; sourceTree = "<group>"; };
		3650F61E2A86715C0017645D /* Pretendard-Regular.ttf */ = {isa = PBXFileReference; lastKnownFileType = file; path = "Pretendard-Regular.ttf"; sourceTree = "<group>"; };
		3650F61F2A86715C0017645D /* Pretendard-Medium.ttf */ = {isa = PBXFileReference; lastKnownFileType = file; path = "Pretendard-Medium.ttf"; sourceTree = "<group>"; };
		3650F6202A86715C0017645D /* Pretendard-Bold.ttf */ = {isa = PBXFileReference; lastKnownFileType = file; path = "Pretendard-Bold.ttf"; sourceTree = "<group>"; };
		3650F6252A8672010017645D /* UIFont+Extension.swift */ = {isa = PBXFileReference; lastKnownFileType = sourcecode.swift; path = "UIFont+Extension.swift"; sourceTree = "<group>"; };
		36AC7BD42AAE852E00478030 /* SignUpPhoneNumberViewModel.swift */ = {isa = PBXFileReference; lastKnownFileType = sourcecode.swift; path = SignUpPhoneNumberViewModel.swift; sourceTree = "<group>"; };
		36AC7BD62AAE883500478030 /* UITableView+Extension.swift */ = {isa = PBXFileReference; lastKnownFileType = sourcecode.swift; path = "UITableView+Extension.swift"; sourceTree = "<group>"; };
		36AC7BD82AAE88F400478030 /* TermsCell.swift */ = {isa = PBXFileReference; lastKnownFileType = sourcecode.swift; path = TermsCell.swift; sourceTree = "<group>"; };
		36BCC7DF2AA31A350060E35A /* SignUpInfoViewController.swift */ = {isa = PBXFileReference; lastKnownFileType = sourcecode.swift; path = SignUpInfoViewController.swift; sourceTree = "<group>"; };
		36BCC7E12AA328AB0060E35A /* SignUpPhoneNumberViewController.swift */ = {isa = PBXFileReference; lastKnownFileType = sourcecode.swift; path = SignUpPhoneNumberViewController.swift; sourceTree = "<group>"; };
		36BCC7E32AA32B530060E35A /* SignUpSuccessViewController.swift */ = {isa = PBXFileReference; lastKnownFileType = sourcecode.swift; path = SignUpSuccessViewController.swift; sourceTree = "<group>"; };
		36BCC7E52AA5E0180060E35A /* CustomButton.swift */ = {isa = PBXFileReference; lastKnownFileType = sourcecode.swift; path = CustomButton.swift; sourceTree = "<group>"; };
		36D293D12A961E7300171C77 /* SignUpSelectionViewController.swift */ = {isa = PBXFileReference; lastKnownFileType = sourcecode.swift; path = SignUpSelectionViewController.swift; sourceTree = "<group>"; };
		36D293D32A961FDB00171C77 /* SelectionBlock.swift */ = {isa = PBXFileReference; lastKnownFileType = sourcecode.swift; path = SelectionBlock.swift; sourceTree = "<group>"; };
		36D293D52A96270900171C77 /* StepIndicator.swift */ = {isa = PBXFileReference; lastKnownFileType = sourcecode.swift; path = StepIndicator.swift; sourceTree = "<group>"; };
		36E2693E2AAAEEDA0034B485 /* NavigationTitleView.swift */ = {isa = PBXFileReference; lastKnownFileType = sourcecode.swift; path = NavigationTitleView.swift; sourceTree = "<group>"; };
		36E269402AAAEF420034B485 /* NavigationLeftBarButtonItem.swift */ = {isa = PBXFileReference; lastKnownFileType = sourcecode.swift; path = NavigationLeftBarButtonItem.swift; sourceTree = "<group>"; };
		36F50AA82A962C9800991C9B /* EmptyView.swift */ = {isa = PBXFileReference; lastKnownFileType = sourcecode.swift; path = EmptyView.swift; sourceTree = "<group>"; };
		36F50AAB2A9897AA00991C9B /* SelectionCell.swift */ = {isa = PBXFileReference; lastKnownFileType = sourcecode.swift; path = SelectionCell.swift; sourceTree = "<group>"; };
		AB3F07172AADAA9200E54A25 /* FindIDCell.swift */ = {isa = PBXFileReference; lastKnownFileType = sourcecode.swift; path = FindIDCell.swift; sourceTree = "<group>"; };
		AB3F07182AADAA9200E54A25 /* FindIDCell.xib */ = {isa = PBXFileReference; lastKnownFileType = file.xib; path = FindIDCell.xib; sourceTree = "<group>"; };
		AB3F071B2AADADB700E54A25 /* FindPasswordCell.swift */ = {isa = PBXFileReference; lastKnownFileType = sourcecode.swift; path = FindPasswordCell.swift; sourceTree = "<group>"; };
		AB3F071C2AADADB700E54A25 /* FindPasswordCell.xib */ = {isa = PBXFileReference; lastKnownFileType = file.xib; path = FindPasswordCell.xib; sourceTree = "<group>"; };
		AB3F071F2AADB72500E54A25 /* UICollectionView+Extension.swift */ = {isa = PBXFileReference; lastKnownFileType = sourcecode.swift; path = "UICollectionView+Extension.swift"; sourceTree = "<group>"; };
		AB45464F2AAB452D0019B27F /* UIButton+Extension.swift */ = {isa = PBXFileReference; lastKnownFileType = sourcecode.swift; path = "UIButton+Extension.swift"; sourceTree = "<group>"; };
		AB49A32A2A8104E000748484 /* SceneCoordinatorType.swift */ = {isa = PBXFileReference; lastKnownFileType = sourcecode.swift; path = SceneCoordinatorType.swift; sourceTree = "<group>"; };
		AB49A32C2A81053200748484 /* Scene.swift */ = {isa = PBXFileReference; lastKnownFileType = sourcecode.swift; path = Scene.swift; sourceTree = "<group>"; };
		AB49A32E2A81055800748484 /* TransitionModel.swift */ = {isa = PBXFileReference; lastKnownFileType = sourcecode.swift; path = TransitionModel.swift; sourceTree = "<group>"; };
		AB49A3322A8107A500748484 /* SceneCoordinator.swift */ = {isa = PBXFileReference; lastKnownFileType = sourcecode.swift; path = SceneCoordinator.swift; sourceTree = "<group>"; };
		AB49A3392A810B3500748484 /* LoginViewModel.swift */ = {isa = PBXFileReference; lastKnownFileType = sourcecode.swift; path = LoginViewModel.swift; sourceTree = "<group>"; };
		AB49A33B2A810CAA00748484 /* ViewModelBindableType.swift */ = {isa = PBXFileReference; lastKnownFileType = sourcecode.swift; path = ViewModelBindableType.swift; sourceTree = "<group>"; };
		AB49A33D2A810FE000748484 /* LoginViewController.swift */ = {isa = PBXFileReference; lastKnownFileType = sourcecode.swift; path = LoginViewController.swift; sourceTree = "<group>"; };
		AB49A33E2A810FE000748484 /* LoginViewController.xib */ = {isa = PBXFileReference; lastKnownFileType = file.xib; path = LoginViewController.xib; sourceTree = "<group>"; };
		AB49A3422A81158900748484 /* FindIDPasswordViewController.swift */ = {isa = PBXFileReference; lastKnownFileType = sourcecode.swift; path = FindIDPasswordViewController.swift; sourceTree = "<group>"; };
		AB49A3432A81158900748484 /* FindIDPasswordViewController.xib */ = {isa = PBXFileReference; lastKnownFileType = file.xib; path = FindIDPasswordViewController.xib; sourceTree = "<group>"; };
		AB49A3462A81159F00748484 /* FindIDPasswordViewModel.swift */ = {isa = PBXFileReference; lastKnownFileType = sourcecode.swift; path = FindIDPasswordViewModel.swift; sourceTree = "<group>"; };
		AB49A3482A8119B900748484 /* CommonViewModel.swift */ = {isa = PBXFileReference; lastKnownFileType = sourcecode.swift; path = CommonViewModel.swift; sourceTree = "<group>"; };
		AB6002322A7E375D000CF1FD /* fone-ios-app.app */ = {isa = PBXFileReference; explicitFileType = wrapper.application; includeInIndex = 0; path = "fone-ios-app.app"; sourceTree = BUILT_PRODUCTS_DIR; };
		AB6002352A7E375D000CF1FD /* AppDelegate.swift */ = {isa = PBXFileReference; lastKnownFileType = sourcecode.swift; path = AppDelegate.swift; sourceTree = "<group>"; };
		AB6002392A7E375D000CF1FD /* ViewController.swift */ = {isa = PBXFileReference; lastKnownFileType = sourcecode.swift; path = ViewController.swift; sourceTree = "<group>"; };
		AB60023C2A7E375D000CF1FD /* Base */ = {isa = PBXFileReference; lastKnownFileType = file.storyboard; name = Base; path = Base.lproj/Main.storyboard; sourceTree = "<group>"; };
		AB6002412A7E375D000CF1FD /* Assets.xcassets */ = {isa = PBXFileReference; lastKnownFileType = folder.assetcatalog; path = Assets.xcassets; sourceTree = "<group>"; };
		AB6002442A7E375D000CF1FD /* Base */ = {isa = PBXFileReference; lastKnownFileType = file.storyboard; name = Base; path = Base.lproj/LaunchScreen.storyboard; sourceTree = "<group>"; };
		AB6002462A7E375D000CF1FD /* Info.plist */ = {isa = PBXFileReference; lastKnownFileType = text.plist.xml; path = Info.plist; sourceTree = "<group>"; };
		AB61493D2A90D4410079CEC9 /* ToastManager.swift */ = {isa = PBXFileReference; lastKnownFileType = sourcecode.swift; path = ToastManager.swift; sourceTree = "<group>"; };
		AB6785532AA3335A00ACD35C /* EmailLoginViewModel.swift */ = {isa = PBXFileReference; lastKnownFileType = sourcecode.swift; path = EmailLoginViewModel.swift; sourceTree = "<group>"; };
		AB6785552AA3336900ACD35C /* EmailLoginViewController.swift */ = {isa = PBXFileReference; lastKnownFileType = sourcecode.swift; path = EmailLoginViewController.swift; sourceTree = "<group>"; };
		AB6785562AA3336900ACD35C /* EmailLoginViewController.xib */ = {isa = PBXFileReference; lastKnownFileType = file.xib; path = EmailLoginViewController.xib; sourceTree = "<group>"; };
		AB67855A2AA3374F00ACD35C /* EmailSignUpViewController.swift */ = {isa = PBXFileReference; lastKnownFileType = sourcecode.swift; path = EmailSignUpViewController.swift; sourceTree = "<group>"; };
		AB67855B2AA3374F00ACD35C /* EmailSignUpViewController.xib */ = {isa = PBXFileReference; lastKnownFileType = file.xib; path = EmailSignUpViewController.xib; sourceTree = "<group>"; };
		AB79B3B82A9E298B008EBAA2 /* QuestionViewModel.swift */ = {isa = PBXFileReference; lastKnownFileType = sourcecode.swift; path = QuestionViewModel.swift; sourceTree = "<group>"; };
		AB79B3BA2A9E29C4008EBAA2 /* QuestionViewController.swift */ = {isa = PBXFileReference; lastKnownFileType = sourcecode.swift; path = QuestionViewController.swift; sourceTree = "<group>"; };
		AB79B3BB2A9E29C4008EBAA2 /* QuestionViewController.xib */ = {isa = PBXFileReference; lastKnownFileType = file.xib; path = QuestionViewController.xib; sourceTree = "<group>"; };
		AB9885112AA476FF00282C07 /* Rx+Extension.swift */ = {isa = PBXFileReference; lastKnownFileType = sourcecode.swift; path = "Rx+Extension.swift"; sourceTree = "<group>"; };
		ABA47FF62A850AE600B64403 /* UIView+Extension.swift */ = {isa = PBXFileReference; lastKnownFileType = sourcecode.swift; path = "UIView+Extension.swift"; sourceTree = "<group>"; };
		ABAFA3382A9F5ECB00D50BAF /* QuestionInfoAPIModel.swift */ = {isa = PBXFileReference; lastKnownFileType = sourcecode.swift; path = QuestionInfoAPIModel.swift; sourceTree = "<group>"; };
		ABAFA33A2A9F612900D50BAF /* QuestionInfoProvider.swift */ = {isa = PBXFileReference; lastKnownFileType = sourcecode.swift; path = QuestionInfoProvider.swift; sourceTree = "<group>"; };
		ABF3034A2AA33E4A00C14AF7 /* EmailSignUpViewModel.swift */ = {isa = PBXFileReference; lastKnownFileType = sourcecode.swift; path = EmailSignUpViewModel.swift; sourceTree = "<group>"; };
/* End PBXFileReference section */

/* Begin PBXFrameworksBuildPhase section */
		AB60022F2A7E375D000CF1FD /* Frameworks */ = {
			isa = PBXFrameworksBuildPhase;
			buildActionMask = 2147483647;
			files = (
				AB6149282A90AD4D0079CEC9 /* KakaoSDKCommon in Frameworks */,
				AB6149012A90A8610079CEC9 /* RxCocoa in Frameworks */,
				AB6149362A90B6CC0079CEC9 /* CombineMoya in Frameworks */,
				AB6148FE2A90A8050079CEC9 /* NaverThirdPartyLogin in Frameworks */,
				AB6149032A90A8610079CEC9 /* RxSwift in Frameworks */,
				AB61491E2A90AAB00079CEC9 /* SkeletonView in Frameworks */,
				AB6149212A90AC890079CEC9 /* Then in Frameworks */,
				AB6149152A90AA140079CEC9 /* NSObject-Rx in Frameworks */,
				AB61492A2A90AD4D0079CEC9 /* KakaoSDKUser in Frameworks */,
				AB6149122A90A9F40079CEC9 /* RxDataSources in Frameworks */,
				AB6149332A90AD980079CEC9 /* RxKakaoSDKUser in Frameworks */,
				AB61491B2A90AA820079CEC9 /* Kingfisher in Frameworks */,
				AB6149182A90AA3E0079CEC9 /* SnapKit in Frameworks */,
				AB61493A2A90B6CC0079CEC9 /* ReactiveMoya in Frameworks */,
				AB61492F2A90AD980079CEC9 /* RxKakaoSDKAuth in Frameworks */,
				AB6149382A90B6CC0079CEC9 /* Moya in Frameworks */,
				AB6149312A90AD980079CEC9 /* RxKakaoSDKCommon in Frameworks */,
				AB6149242A90AD4D0079CEC9 /* KakaoSDK in Frameworks */,
				AB61493C2A90B6CC0079CEC9 /* RxMoya in Frameworks */,
				AB6149262A90AD4D0079CEC9 /* KakaoSDKAuth in Frameworks */,
				AB61492D2A90AD980079CEC9 /* RxKakaoSDK in Frameworks */,
			);
			runOnlyForDeploymentPostprocessing = 0;
		};
/* End PBXFrameworksBuildPhase section */

/* Begin PBXGroup section */
		362866792A8B66B900CD42BC /* SignUp */ = {
			isa = PBXGroup;
			children = (
				36AC7BD32AAE851E00478030 /* ViewModels */,
				36BCC7DE2AA31A1D0060E35A /* ViewControllers */,
				3628667C2A8B67D100CD42BC /* Views */,
				3628667A2A8B670200CD42BC /* SignUpViewController.swift */,
				362866832A8B71B700CD42BC /* SignUpViewModel.swift */,
			);
			path = SignUp;
			sourceTree = "<group>";
		};
		3628667C2A8B67D100CD42BC /* Views */ = {
			isa = PBXGroup;
			children = (
				36F50AAA2A98978500991C9B /* Cells */,
				3628667F2A8B688300CD42BC /* DefaultTextField.swift */,
				36D293D32A961FDB00171C77 /* SelectionBlock.swift */,
				36D293D52A96270900171C77 /* StepIndicator.swift */,
			);
			path = Views;
			sourceTree = "<group>";
		};
		362866882A8DF3F400CD42BC /* Network */ = {
			isa = PBXGroup;
			children = (
				362866892A8DF40500CD42BC /* API */,
			);
			path = Network;
			sourceTree = "<group>";
		};
		362866892A8DF40500CD42BC /* API */ = {
			isa = PBXGroup;
			children = (
				362866982A8E3E2C00CD42BC /* Models */,
				362866952A8E3D7500CD42BC /* Moya+Codable */,
				3628668C2A8DF4C700CD42BC /* Providers */,
				3628668A2A8DF40F00CD42BC /* APIConfig.swift */,
			);
			path = API;
			sourceTree = "<group>";
		};
		3628668C2A8DF4C700CD42BC /* Providers */ = {
			isa = PBXGroup;
			children = (
				3628668D2A8DF4EA00CD42BC /* UserInfoProvider.swift */,
				ABAFA33A2A9F612900D50BAF /* QuestionInfoProvider.swift */,
			);
			path = Providers;
			sourceTree = "<group>";
		};
		362866952A8E3D7500CD42BC /* Moya+Codable */ = {
			isa = PBXGroup;
			children = (
				362866932A8E3D4700CD42BC /* Single+Codable.swift */,
				362866962A8E3D8200CD42BC /* Response+Codable.swift */,
			);
			path = "Moya+Codable";
			sourceTree = "<group>";
		};
		362866982A8E3E2C00CD42BC /* Models */ = {
			isa = PBXGroup;
			children = (
				362866992A8E3E3700CD42BC /* UserInfoAPIModel.swift */,
				ABAFA3382A9F5ECB00D50BAF /* QuestionInfoAPIModel.swift */,
			);
			path = Models;
			sourceTree = "<group>";
		};
		364482C92AB761DD00984507 /* Data */ = {
			isa = PBXGroup;
			children = (
				364BCC6D2AB36A4900E14B25 /* Job.swift */,
				364BCC6F2AB36A5900E14B25 /* Interest.swift */,
			);
			path = Data;
			sourceTree = "<group>";
		};
		3650F6192A849BDB0017645D /* Extensions */ = {
			isa = PBXGroup;
			children = (
				3650F61A2A849BF10017645D /* UIColor+Extension.swift */,
				3650F6252A8672010017645D /* UIFont+Extension.swift */,
				362866812A8B6B3600CD42BC /* UILabel+Extension.swift */,
				3628668F2A8DF5C900CD42BC /* String+Extension.swift */,
				ABA47FF62A850AE600B64403 /* UIView+Extension.swift */,
				AB45464F2AAB452D0019B27F /* UIButton+Extension.swift */,
				AB9885112AA476FF00282C07 /* Rx+Extension.swift */,
				36AC7BD62AAE883500478030 /* UITableView+Extension.swift */,
				AB3F071F2AADB72500E54A25 /* UICollectionView+Extension.swift */,
			);
			path = Extensions;
			sourceTree = "<group>";
		};
		3650F61C2A86710B0017645D /* Resources */ = {
			isa = PBXGroup;
			children = (
				3650F61D2A8671130017645D /* Fonts */,
			);
			path = Resources;
			sourceTree = "<group>";
		};
		3650F61D2A8671130017645D /* Fonts */ = {
			isa = PBXGroup;
			children = (
				3650F6202A86715C0017645D /* Pretendard-Bold.ttf */,
				3650F61F2A86715C0017645D /* Pretendard-Medium.ttf */,
				3650F61E2A86715C0017645D /* Pretendard-Regular.ttf */,
			);
			path = Fonts;
			sourceTree = "<group>";
		};
		36AC7BD32AAE851E00478030 /* ViewModels */ = {
			isa = PBXGroup;
			children = (
				36AC7BD42AAE852E00478030 /* SignUpPhoneNumberViewModel.swift */,
			);
			path = ViewModels;
			sourceTree = "<group>";
		};
		36BCC7DE2AA31A1D0060E35A /* ViewControllers */ = {
			isa = PBXGroup;
			children = (
				36D293D12A961E7300171C77 /* SignUpSelectionViewController.swift */,
				36BCC7DF2AA31A350060E35A /* SignUpInfoViewController.swift */,
				36BCC7E12AA328AB0060E35A /* SignUpPhoneNumberViewController.swift */,
				36BCC7E32AA32B530060E35A /* SignUpSuccessViewController.swift */,
			);
			path = ViewControllers;
			sourceTree = "<group>";
		};
		36F50AA72A962C8D00991C9B /* Views */ = {
			isa = PBXGroup;
			children = (
				36F50AA82A962C9800991C9B /* EmptyView.swift */,
				36BCC7E52AA5E0180060E35A /* CustomButton.swift */,
				36E2693E2AAAEEDA0034B485 /* NavigationTitleView.swift */,
				36E269402AAAEF420034B485 /* NavigationLeftBarButtonItem.swift */,
				364BCC692AB3672500E14B25 /* DynamicHeightCollectionView.swift */,
				364BCC6B2AB3673900E14B25 /* LeftAlignedCollectionViewFlowLayout.swift */,
			);
			path = Views;
			sourceTree = "<group>";
		};
		36F50AAA2A98978500991C9B /* Cells */ = {
			isa = PBXGroup;
			children = (
				36F50AAB2A9897AA00991C9B /* SelectionCell.swift */,
				36AC7BD82AAE88F400478030 /* TermsCell.swift */,
			);
			path = Cells;
			sourceTree = "<group>";
		};
		AB3F07162AADAA5D00E54A25 /* Cells */ = {
			isa = PBXGroup;
			children = (
				AB3F07172AADAA9200E54A25 /* FindIDCell.swift */,
				AB3F07182AADAA9200E54A25 /* FindIDCell.xib */,
				AB3F071B2AADADB700E54A25 /* FindPasswordCell.swift */,
				AB3F071C2AADADB700E54A25 /* FindPasswordCell.xib */,
			);
			path = Cells;
			sourceTree = "<group>";
		};
		AB49A3292A8104A000748484 /* Scene */ = {
			isa = PBXGroup;
			children = (
				AB49A32A2A8104E000748484 /* SceneCoordinatorType.swift */,
				AB49A32C2A81053200748484 /* Scene.swift */,
				AB49A32E2A81055800748484 /* TransitionModel.swift */,
				AB49A3322A8107A500748484 /* SceneCoordinator.swift */,
			);
			path = Scene;
			sourceTree = "<group>";
		};
		AB49A3342A810AC600748484 /* Login */ = {
			isa = PBXGroup;
			children = (
				AB49A3392A810B3500748484 /* LoginViewModel.swift */,
				AB49A33D2A810FE000748484 /* LoginViewController.swift */,
				AB49A33E2A810FE000748484 /* LoginViewController.xib */,
			);
			path = Login;
			sourceTree = "<group>";
		};
		AB49A3412A81156300748484 /* FindIDPassword */ = {
			isa = PBXGroup;
			children = (
				AB3F07162AADAA5D00E54A25 /* Cells */,
				AB49A3422A81158900748484 /* FindIDPasswordViewController.swift */,
				AB49A3432A81158900748484 /* FindIDPasswordViewController.xib */,
				AB49A3462A81159F00748484 /* FindIDPasswordViewModel.swift */,
			);
			path = FindIDPassword;
			sourceTree = "<group>";
		};
		AB6002292A7E375D000CF1FD = {
			isa = PBXGroup;
			children = (
				AB6002342A7E375D000CF1FD /* fone-ios-app */,
				AB6002332A7E375D000CF1FD /* Products */,
			);
			sourceTree = "<group>";
		};
		AB6002332A7E375D000CF1FD /* Products */ = {
			isa = PBXGroup;
			children = (
				AB6002322A7E375D000CF1FD /* fone-ios-app.app */,
			);
			name = Products;
			sourceTree = "<group>";
		};
		AB6002342A7E375D000CF1FD /* fone-ios-app */ = {
			isa = PBXGroup;
			children = (
				3650F61C2A86710B0017645D /* Resources */,
				AB60024E2A7E42A6000CF1FD /* Common */,
				364482C92AB761DD00984507 /* Data */,
				362866882A8DF3F400CD42BC /* Network */,
				AB49A3292A8104A000748484 /* Scene */,
				AB60024C2A7E3B05000CF1FD /* View */,
				AB6002352A7E375D000CF1FD /* AppDelegate.swift */,
				AB6002412A7E375D000CF1FD /* Assets.xcassets */,
				AB6002432A7E375D000CF1FD /* LaunchScreen.storyboard */,
				AB6002462A7E375D000CF1FD /* Info.plist */,
			);
			path = "fone-ios-app";
			sourceTree = "<group>";
		};
		AB60024C2A7E3B05000CF1FD /* View */ = {
			isa = PBXGroup;
			children = (
				AB6785592AA3373800ACD35C /* EmailSignUp */,
				AB6785522AA3333100ACD35C /* EmailLogin */,
				AB79B3B72A9E294B008EBAA2 /* Question */,
				AB49A3412A81156300748484 /* FindIDPassword */,
				AB49A3342A810AC600748484 /* Login */,
				362866792A8B66B900CD42BC /* SignUp */,
				AB6002392A7E375D000CF1FD /* ViewController.swift */,
				AB60023B2A7E375D000CF1FD /* Main.storyboard */,
			);
			path = View;
			sourceTree = "<group>";
		};
		AB60024E2A7E42A6000CF1FD /* Common */ = {
			isa = PBXGroup;
			children = (
				36F50AA72A962C8D00991C9B /* Views */,
				AB49A33B2A810CAA00748484 /* ViewModelBindableType.swift */,
				AB49A3482A8119B900748484 /* CommonViewModel.swift */,
				3650F6192A849BDB0017645D /* Extensions */,
				AB61493D2A90D4410079CEC9 /* ToastManager.swift */,
			);
			path = Common;
			sourceTree = "<group>";
		};
		AB6785522AA3333100ACD35C /* EmailLogin */ = {
			isa = PBXGroup;
			children = (
				AB6785532AA3335A00ACD35C /* EmailLoginViewModel.swift */,
				AB6785552AA3336900ACD35C /* EmailLoginViewController.swift */,
				AB6785562AA3336900ACD35C /* EmailLoginViewController.xib */,
			);
			path = EmailLogin;
			sourceTree = "<group>";
		};
		AB6785592AA3373800ACD35C /* EmailSignUp */ = {
			isa = PBXGroup;
			children = (
				AB67855A2AA3374F00ACD35C /* EmailSignUpViewController.swift */,
				AB67855B2AA3374F00ACD35C /* EmailSignUpViewController.xib */,
				ABF3034A2AA33E4A00C14AF7 /* EmailSignUpViewModel.swift */,
			);
			path = EmailSignUp;
			sourceTree = "<group>";
		};
		AB79B3B72A9E294B008EBAA2 /* Question */ = {
			isa = PBXGroup;
			children = (
				AB79B3B82A9E298B008EBAA2 /* QuestionViewModel.swift */,
				AB79B3BA2A9E29C4008EBAA2 /* QuestionViewController.swift */,
				AB79B3BB2A9E29C4008EBAA2 /* QuestionViewController.xib */,
			);
			path = Question;
			sourceTree = "<group>";
		};
/* End PBXGroup section */

/* Begin PBXNativeTarget section */
		AB6002312A7E375D000CF1FD /* fone-ios-app */ = {
			isa = PBXNativeTarget;
			buildConfigurationList = AB6002492A7E375D000CF1FD /* Build configuration list for PBXNativeTarget "fone-ios-app" */;
			buildPhases = (
				AB60022E2A7E375D000CF1FD /* Sources */,
				AB60022F2A7E375D000CF1FD /* Frameworks */,
				AB6002302A7E375D000CF1FD /* Resources */,
			);
			buildRules = (
			);
			dependencies = (
			);
			name = "fone-ios-app";
			packageProductDependencies = (
				AB6148FD2A90A8050079CEC9 /* NaverThirdPartyLogin */,
				AB6149002A90A8610079CEC9 /* RxCocoa */,
				AB6149022A90A8610079CEC9 /* RxSwift */,
				AB6149112A90A9F40079CEC9 /* RxDataSources */,
				AB6149142A90AA140079CEC9 /* NSObject-Rx */,
				AB6149172A90AA3E0079CEC9 /* SnapKit */,
				AB61491A2A90AA820079CEC9 /* Kingfisher */,
				AB61491D2A90AAB00079CEC9 /* SkeletonView */,
				AB6149202A90AC890079CEC9 /* Then */,
				AB6149232A90AD4D0079CEC9 /* KakaoSDK */,
				AB6149252A90AD4D0079CEC9 /* KakaoSDKAuth */,
				AB6149272A90AD4D0079CEC9 /* KakaoSDKCommon */,
				AB6149292A90AD4D0079CEC9 /* KakaoSDKUser */,
				AB61492C2A90AD980079CEC9 /* RxKakaoSDK */,
				AB61492E2A90AD980079CEC9 /* RxKakaoSDKAuth */,
				AB6149302A90AD980079CEC9 /* RxKakaoSDKCommon */,
				AB6149322A90AD980079CEC9 /* RxKakaoSDKUser */,
				AB6149352A90B6CC0079CEC9 /* CombineMoya */,
				AB6149372A90B6CC0079CEC9 /* Moya */,
				AB6149392A90B6CC0079CEC9 /* ReactiveMoya */,
				AB61493B2A90B6CC0079CEC9 /* RxMoya */,
			);
			productName = "fone-ios-app";
			productReference = AB6002322A7E375D000CF1FD /* fone-ios-app.app */;
			productType = "com.apple.product-type.application";
		};
/* End PBXNativeTarget section */

/* Begin PBXProject section */
		AB60022A2A7E375D000CF1FD /* Project object */ = {
			isa = PBXProject;
			attributes = {
				BuildIndependentTargetsInParallel = 1;
				LastSwiftUpdateCheck = 1430;
				LastUpgradeCheck = 1430;
				TargetAttributes = {
					AB6002312A7E375D000CF1FD = {
						CreatedOnToolsVersion = 14.3.1;
					};
				};
			};
			buildConfigurationList = AB60022D2A7E375D000CF1FD /* Build configuration list for PBXProject "fone-ios-app" */;
			compatibilityVersion = "Xcode 14.0";
			developmentRegion = en;
			hasScannedForEncodings = 0;
			knownRegions = (
				en,
				Base,
			);
			mainGroup = AB6002292A7E375D000CF1FD;
			packageReferences = (
				AB6148FC2A90A8050079CEC9 /* XCRemoteSwiftPackageReference "naveridlogin-sdk-ios-spm" */,
				AB6148FF2A90A8610079CEC9 /* XCRemoteSwiftPackageReference "RxSwift" */,
				AB6149102A90A9F40079CEC9 /* XCRemoteSwiftPackageReference "RxDataSources" */,
				AB6149132A90AA140079CEC9 /* XCRemoteSwiftPackageReference "NSObject-Rx" */,
				AB6149162A90AA3E0079CEC9 /* XCRemoteSwiftPackageReference "SnapKit" */,
				AB6149192A90AA820079CEC9 /* XCRemoteSwiftPackageReference "Kingfisher" */,
				AB61491C2A90AAB00079CEC9 /* XCRemoteSwiftPackageReference "SkeletonView" */,
				AB61491F2A90AC890079CEC9 /* XCRemoteSwiftPackageReference "Then" */,
				AB6149222A90AD4D0079CEC9 /* XCRemoteSwiftPackageReference "kakao-ios-sdk" */,
				AB61492B2A90AD980079CEC9 /* XCRemoteSwiftPackageReference "kakao-ios-sdk-rx" */,
				AB6149342A90B6CC0079CEC9 /* XCRemoteSwiftPackageReference "Moya" */,
			);
			productRefGroup = AB6002332A7E375D000CF1FD /* Products */;
			projectDirPath = "";
			projectRoot = "";
			targets = (
				AB6002312A7E375D000CF1FD /* fone-ios-app */,
			);
		};
/* End PBXProject section */

/* Begin PBXResourcesBuildPhase section */
		AB6002302A7E375D000CF1FD /* Resources */ = {
			isa = PBXResourcesBuildPhase;
			buildActionMask = 2147483647;
			files = (
				AB49A3402A810FE000748484 /* LoginViewController.xib in Resources */,
				AB3F071A2AADAA9200E54A25 /* FindIDCell.xib in Resources */,
				AB49A3452A81158900748484 /* FindIDPasswordViewController.xib in Resources */,
				AB6002452A7E375D000CF1FD /* LaunchScreen.storyboard in Resources */,
				AB67855D2AA3374F00ACD35C /* EmailSignUpViewController.xib in Resources */,
				AB6785582AA3336900ACD35C /* EmailLoginViewController.xib in Resources */,
				3650F6222A86715C0017645D /* Pretendard-Medium.ttf in Resources */,
				AB6002422A7E375D000CF1FD /* Assets.xcassets in Resources */,
				AB3F071E2AADADB700E54A25 /* FindPasswordCell.xib in Resources */,
				3650F6212A86715C0017645D /* Pretendard-Regular.ttf in Resources */,
				3650F6232A86715C0017645D /* Pretendard-Bold.ttf in Resources */,
				AB60023D2A7E375D000CF1FD /* Main.storyboard in Resources */,
				AB79B3BD2A9E29C4008EBAA2 /* QuestionViewController.xib in Resources */,
			);
			runOnlyForDeploymentPostprocessing = 0;
		};
/* End PBXResourcesBuildPhase section */

/* Begin PBXSourcesBuildPhase section */
		AB60022E2A7E375D000CF1FD /* Sources */ = {
			isa = PBXSourcesBuildPhase;
			buildActionMask = 2147483647;
			files = (
				362866822A8B6B3600CD42BC /* UILabel+Extension.swift in Sources */,
				36AC7BD92AAE88F400478030 /* TermsCell.swift in Sources */,
				362866902A8DF5C900CD42BC /* String+Extension.swift in Sources */,
				36F50AAC2A9897AA00991C9B /* SelectionCell.swift in Sources */,
				3650F6262A8672010017645D /* UIFont+Extension.swift in Sources */,
				AB9885122AA476FF00282C07 /* Rx+Extension.swift in Sources */,
				36E2693F2AAAEEDA0034B485 /* NavigationTitleView.swift in Sources */,
				AB49A33F2A810FE000748484 /* LoginViewController.swift in Sources */,
				ABF3034B2AA33E4A00C14AF7 /* EmailSignUpViewModel.swift in Sources */,
				362866942A8E3D4700CD42BC /* Single+Codable.swift in Sources */,
				36E269412AAAEF420034B485 /* NavigationLeftBarButtonItem.swift in Sources */,
				AB49A3492A8119B900748484 /* CommonViewModel.swift in Sources */,
				36F50AA92A962C9800991C9B /* EmptyView.swift in Sources */,
				362866842A8B71B700CD42BC /* SignUpViewModel.swift in Sources */,
				AB61493E2A90D4410079CEC9 /* ToastManager.swift in Sources */,
				AB49A32D2A81053200748484 /* Scene.swift in Sources */,
				AB49A3472A81159F00748484 /* FindIDPasswordViewModel.swift in Sources */,
				3628668E2A8DF4EA00CD42BC /* UserInfoProvider.swift in Sources */,
				AB79B3B92A9E298B008EBAA2 /* QuestionViewModel.swift in Sources */,
				AB6785542AA3335A00ACD35C /* EmailLoginViewModel.swift in Sources */,
				3650F61B2A849BF10017645D /* UIColor+Extension.swift in Sources */,
				AB60023A2A7E375D000CF1FD /* ViewController.swift in Sources */,
				3628668B2A8DF40F00CD42BC /* APIConfig.swift in Sources */,
				36BCC7E02AA31A350060E35A /* SignUpInfoViewController.swift in Sources */,
				364BCC6A2AB3672500E14B25 /* DynamicHeightCollectionView.swift in Sources */,
				362866972A8E3D8200CD42BC /* Response+Codable.swift in Sources */,
				ABA47FF72A850AE600B64403 /* UIView+Extension.swift in Sources */,
				AB49A33C2A810CAA00748484 /* ViewModelBindableType.swift in Sources */,
				364BCC6E2AB36A4900E14B25 /* Job.swift in Sources */,
				36BCC7E62AA5E0180060E35A /* CustomButton.swift in Sources */,
				AB79B3BC2A9E29C4008EBAA2 /* QuestionViewController.swift in Sources */,
				AB6002362A7E375D000CF1FD /* AppDelegate.swift in Sources */,
				AB3F071D2AADADB700E54A25 /* FindPasswordCell.swift in Sources */,
				3628667B2A8B670200CD42BC /* SignUpViewController.swift in Sources */,
				AB49A33A2A810B3500748484 /* LoginViewModel.swift in Sources */,
				AB6785572AA3336900ACD35C /* EmailLoginViewController.swift in Sources */,
				AB67855C2AA3374F00ACD35C /* EmailSignUpViewController.swift in Sources */,
				AB49A3332A8107A500748484 /* SceneCoordinator.swift in Sources */,
				36AC7BD52AAE852E00478030 /* SignUpPhoneNumberViewModel.swift in Sources */,
				AB49A32F2A81055900748484 /* TransitionModel.swift in Sources */,
				AB49A32B2A8104E000748484 /* SceneCoordinatorType.swift in Sources */,
				364BCC702AB36A5900E14B25 /* Interest.swift in Sources */,
				AB4546502AAB452D0019B27F /* UIButton+Extension.swift in Sources */,
				ABAFA3392A9F5ECB00D50BAF /* QuestionInfoAPIModel.swift in Sources */,
				364BCC6C2AB3673900E14B25 /* LeftAlignedCollectionViewFlowLayout.swift in Sources */,
				AB49A3442A81158900748484 /* FindIDPasswordViewController.swift in Sources */,
				36AC7BD72AAE883500478030 /* UITableView+Extension.swift in Sources */,
				362866802A8B688300CD42BC /* DefaultTextField.swift in Sources */,
				3628669A2A8E3E3700CD42BC /* UserInfoAPIModel.swift in Sources */,
				ABAFA33B2A9F612900D50BAF /* QuestionInfoProvider.swift in Sources */,
				36BCC7E42AA32B530060E35A /* SignUpSuccessViewController.swift in Sources */,
				AB49A3332A8107A500748484 /* SceneCoordinator.swift in Sources */,
				AB49A32F2A81055900748484 /* TransitionModel.swift in Sources */,
				AB49A32B2A8104E000748484 /* SceneCoordinatorType.swift in Sources */,
				AB3F07192AADAA9200E54A25 /* FindIDCell.swift in Sources */,
				36D293D42A961FDB00171C77 /* SelectionBlock.swift in Sources */,
				36D293D22A961E7300171C77 /* SignUpSelectionViewController.swift in Sources */,
				AB49A3442A81158900748484 /* FindIDPasswordViewController.swift in Sources */,
				362866802A8B688300CD42BC /* DefaultTextField.swift in Sources */,
				3628669A2A8E3E3700CD42BC /* UserInfoAPIModel.swift in Sources */,
				AB3F07202AADB72500E54A25 /* UICollectionView+Extension.swift in Sources */,
				36BCC7E22AA328AB0060E35A /* SignUpPhoneNumberViewController.swift in Sources */,
				36D293D62A96270900171C77 /* StepIndicator.swift in Sources */,
			);
			runOnlyForDeploymentPostprocessing = 0;
		};
/* End PBXSourcesBuildPhase section */

/* Begin PBXVariantGroup section */
		AB60023B2A7E375D000CF1FD /* Main.storyboard */ = {
			isa = PBXVariantGroup;
			children = (
				AB60023C2A7E375D000CF1FD /* Base */,
			);
			name = Main.storyboard;
			sourceTree = "<group>";
		};
		AB6002432A7E375D000CF1FD /* LaunchScreen.storyboard */ = {
			isa = PBXVariantGroup;
			children = (
				AB6002442A7E375D000CF1FD /* Base */,
			);
			name = LaunchScreen.storyboard;
			sourceTree = "<group>";
		};
/* End PBXVariantGroup section */

/* Begin XCBuildConfiguration section */
		AB6002472A7E375D000CF1FD /* Debug */ = {
			isa = XCBuildConfiguration;
			buildSettings = {
				ALWAYS_SEARCH_USER_PATHS = NO;
				CLANG_ANALYZER_NONNULL = YES;
				CLANG_ANALYZER_NUMBER_OBJECT_CONVERSION = YES_AGGRESSIVE;
				CLANG_CXX_LANGUAGE_STANDARD = "gnu++20";
				CLANG_ENABLE_MODULES = YES;
				CLANG_ENABLE_OBJC_ARC = YES;
				CLANG_ENABLE_OBJC_WEAK = YES;
				CLANG_WARN_BLOCK_CAPTURE_AUTORELEASING = YES;
				CLANG_WARN_BOOL_CONVERSION = YES;
				CLANG_WARN_COMMA = YES;
				CLANG_WARN_CONSTANT_CONVERSION = YES;
				CLANG_WARN_DEPRECATED_OBJC_IMPLEMENTATIONS = YES;
				CLANG_WARN_DIRECT_OBJC_ISA_USAGE = YES_ERROR;
				CLANG_WARN_DOCUMENTATION_COMMENTS = YES;
				CLANG_WARN_EMPTY_BODY = YES;
				CLANG_WARN_ENUM_CONVERSION = YES;
				CLANG_WARN_INFINITE_RECURSION = YES;
				CLANG_WARN_INT_CONVERSION = YES;
				CLANG_WARN_NON_LITERAL_NULL_CONVERSION = YES;
				CLANG_WARN_OBJC_IMPLICIT_RETAIN_SELF = YES;
				CLANG_WARN_OBJC_LITERAL_CONVERSION = YES;
				CLANG_WARN_OBJC_ROOT_CLASS = YES_ERROR;
				CLANG_WARN_QUOTED_INCLUDE_IN_FRAMEWORK_HEADER = YES;
				CLANG_WARN_RANGE_LOOP_ANALYSIS = YES;
				CLANG_WARN_STRICT_PROTOTYPES = YES;
				CLANG_WARN_SUSPICIOUS_MOVE = YES;
				CLANG_WARN_UNGUARDED_AVAILABILITY = YES_AGGRESSIVE;
				CLANG_WARN_UNREACHABLE_CODE = YES;
				CLANG_WARN__DUPLICATE_METHOD_MATCH = YES;
				COPY_PHASE_STRIP = NO;
				DEBUG_INFORMATION_FORMAT = dwarf;
				ENABLE_STRICT_OBJC_MSGSEND = YES;
				ENABLE_TESTABILITY = YES;
				GCC_C_LANGUAGE_STANDARD = gnu11;
				GCC_DYNAMIC_NO_PIC = NO;
				GCC_NO_COMMON_BLOCKS = YES;
				GCC_OPTIMIZATION_LEVEL = 0;
				GCC_PREPROCESSOR_DEFINITIONS = (
					"DEBUG=1",
					"$(inherited)",
				);
				GCC_WARN_64_TO_32_BIT_CONVERSION = YES;
				GCC_WARN_ABOUT_RETURN_TYPE = YES_ERROR;
				GCC_WARN_UNDECLARED_SELECTOR = YES;
				GCC_WARN_UNINITIALIZED_AUTOS = YES_AGGRESSIVE;
				GCC_WARN_UNUSED_FUNCTION = YES;
				GCC_WARN_UNUSED_VARIABLE = YES;
				IPHONEOS_DEPLOYMENT_TARGET = 16.4;
				MTL_ENABLE_DEBUG_INFO = INCLUDE_SOURCE;
				MTL_FAST_MATH = YES;
				ONLY_ACTIVE_ARCH = YES;
				SDKROOT = iphoneos;
				SWIFT_ACTIVE_COMPILATION_CONDITIONS = DEBUG;
				SWIFT_OPTIMIZATION_LEVEL = "-Onone";
			};
			name = Debug;
		};
		AB6002482A7E375D000CF1FD /* Release */ = {
			isa = XCBuildConfiguration;
			buildSettings = {
				ALWAYS_SEARCH_USER_PATHS = NO;
				CLANG_ANALYZER_NONNULL = YES;
				CLANG_ANALYZER_NUMBER_OBJECT_CONVERSION = YES_AGGRESSIVE;
				CLANG_CXX_LANGUAGE_STANDARD = "gnu++20";
				CLANG_ENABLE_MODULES = YES;
				CLANG_ENABLE_OBJC_ARC = YES;
				CLANG_ENABLE_OBJC_WEAK = YES;
				CLANG_WARN_BLOCK_CAPTURE_AUTORELEASING = YES;
				CLANG_WARN_BOOL_CONVERSION = YES;
				CLANG_WARN_COMMA = YES;
				CLANG_WARN_CONSTANT_CONVERSION = YES;
				CLANG_WARN_DEPRECATED_OBJC_IMPLEMENTATIONS = YES;
				CLANG_WARN_DIRECT_OBJC_ISA_USAGE = YES_ERROR;
				CLANG_WARN_DOCUMENTATION_COMMENTS = YES;
				CLANG_WARN_EMPTY_BODY = YES;
				CLANG_WARN_ENUM_CONVERSION = YES;
				CLANG_WARN_INFINITE_RECURSION = YES;
				CLANG_WARN_INT_CONVERSION = YES;
				CLANG_WARN_NON_LITERAL_NULL_CONVERSION = YES;
				CLANG_WARN_OBJC_IMPLICIT_RETAIN_SELF = YES;
				CLANG_WARN_OBJC_LITERAL_CONVERSION = YES;
				CLANG_WARN_OBJC_ROOT_CLASS = YES_ERROR;
				CLANG_WARN_QUOTED_INCLUDE_IN_FRAMEWORK_HEADER = YES;
				CLANG_WARN_RANGE_LOOP_ANALYSIS = YES;
				CLANG_WARN_STRICT_PROTOTYPES = YES;
				CLANG_WARN_SUSPICIOUS_MOVE = YES;
				CLANG_WARN_UNGUARDED_AVAILABILITY = YES_AGGRESSIVE;
				CLANG_WARN_UNREACHABLE_CODE = YES;
				CLANG_WARN__DUPLICATE_METHOD_MATCH = YES;
				COPY_PHASE_STRIP = NO;
				DEBUG_INFORMATION_FORMAT = "dwarf-with-dsym";
				ENABLE_NS_ASSERTIONS = NO;
				ENABLE_STRICT_OBJC_MSGSEND = YES;
				GCC_C_LANGUAGE_STANDARD = gnu11;
				GCC_NO_COMMON_BLOCKS = YES;
				GCC_WARN_64_TO_32_BIT_CONVERSION = YES;
				GCC_WARN_ABOUT_RETURN_TYPE = YES_ERROR;
				GCC_WARN_UNDECLARED_SELECTOR = YES;
				GCC_WARN_UNINITIALIZED_AUTOS = YES_AGGRESSIVE;
				GCC_WARN_UNUSED_FUNCTION = YES;
				GCC_WARN_UNUSED_VARIABLE = YES;
				IPHONEOS_DEPLOYMENT_TARGET = 16.4;
				MTL_ENABLE_DEBUG_INFO = NO;
				MTL_FAST_MATH = YES;
				SDKROOT = iphoneos;
				SWIFT_COMPILATION_MODE = wholemodule;
				SWIFT_OPTIMIZATION_LEVEL = "-O";
				VALIDATE_PRODUCT = YES;
			};
			name = Release;
		};
		AB60024A2A7E375D000CF1FD /* Debug */ = {
			isa = XCBuildConfiguration;
			buildSettings = {
				ASSETCATALOG_COMPILER_APPICON_NAME = AppIcon;
				ASSETCATALOG_COMPILER_GLOBAL_ACCENT_COLOR_NAME = AccentColor;
				CODE_SIGN_STYLE = Automatic;
				CURRENT_PROJECT_VERSION = 1;
				DEVELOPMENT_TEAM = 8T28CKNCH3;
				GENERATE_INFOPLIST_FILE = YES;
				INFOPLIST_FILE = "fone-ios-app/Info.plist";
				INFOPLIST_KEY_CFBundleDisplayName = "에프원";
				INFOPLIST_KEY_UIApplicationSupportsIndirectInputEvents = YES;
				INFOPLIST_KEY_UILaunchStoryboardName = LaunchScreen;
				INFOPLIST_KEY_UIMainStoryboardFile = Main;
				INFOPLIST_KEY_UISupportedInterfaceOrientations_iPad = "UIInterfaceOrientationPortrait UIInterfaceOrientationPortraitUpsideDown UIInterfaceOrientationLandscapeLeft UIInterfaceOrientationLandscapeRight";
				INFOPLIST_KEY_UISupportedInterfaceOrientations_iPhone = "UIInterfaceOrientationPortrait UIInterfaceOrientationLandscapeLeft UIInterfaceOrientationLandscapeRight";
				IPHONEOS_DEPLOYMENT_TARGET = 13.0;
				LD_RUNPATH_SEARCH_PATHS = (
					"$(inherited)",
					"@executable_path/Frameworks",
				);
				MARKETING_VERSION = 1.0;
				PRODUCT_BUNDLE_IDENTIFIER = com.fone.filmone;
				PRODUCT_NAME = "$(TARGET_NAME)";
				SWIFT_EMIT_LOC_STRINGS = YES;
				SWIFT_VERSION = 5.0;
				TARGETED_DEVICE_FAMILY = "1,2";
			};
			name = Debug;
		};
		AB60024B2A7E375D000CF1FD /* Release */ = {
			isa = XCBuildConfiguration;
			buildSettings = {
				ASSETCATALOG_COMPILER_APPICON_NAME = AppIcon;
				ASSETCATALOG_COMPILER_GLOBAL_ACCENT_COLOR_NAME = AccentColor;
				CODE_SIGN_STYLE = Automatic;
				CURRENT_PROJECT_VERSION = 1;
				DEVELOPMENT_TEAM = 8T28CKNCH3;
				GENERATE_INFOPLIST_FILE = YES;
				INFOPLIST_FILE = "fone-ios-app/Info.plist";
				INFOPLIST_KEY_CFBundleDisplayName = "에프원";
				INFOPLIST_KEY_UIApplicationSupportsIndirectInputEvents = YES;
				INFOPLIST_KEY_UILaunchStoryboardName = LaunchScreen;
				INFOPLIST_KEY_UIMainStoryboardFile = Main;
				INFOPLIST_KEY_UISupportedInterfaceOrientations_iPad = "UIInterfaceOrientationPortrait UIInterfaceOrientationPortraitUpsideDown UIInterfaceOrientationLandscapeLeft UIInterfaceOrientationLandscapeRight";
				INFOPLIST_KEY_UISupportedInterfaceOrientations_iPhone = "UIInterfaceOrientationPortrait UIInterfaceOrientationLandscapeLeft UIInterfaceOrientationLandscapeRight";
				IPHONEOS_DEPLOYMENT_TARGET = 13.0;
				LD_RUNPATH_SEARCH_PATHS = (
					"$(inherited)",
					"@executable_path/Frameworks",
				);
				MARKETING_VERSION = 1.0;
				PRODUCT_BUNDLE_IDENTIFIER = com.fone.filmone;
				PRODUCT_NAME = "$(TARGET_NAME)";
				SWIFT_EMIT_LOC_STRINGS = YES;
				SWIFT_VERSION = 5.0;
				TARGETED_DEVICE_FAMILY = "1,2";
			};
			name = Release;
		};
/* End XCBuildConfiguration section */

/* Begin XCConfigurationList section */
		AB60022D2A7E375D000CF1FD /* Build configuration list for PBXProject "fone-ios-app" */ = {
			isa = XCConfigurationList;
			buildConfigurations = (
				AB6002472A7E375D000CF1FD /* Debug */,
				AB6002482A7E375D000CF1FD /* Release */,
			);
			defaultConfigurationIsVisible = 0;
			defaultConfigurationName = Release;
		};
		AB6002492A7E375D000CF1FD /* Build configuration list for PBXNativeTarget "fone-ios-app" */ = {
			isa = XCConfigurationList;
			buildConfigurations = (
				AB60024A2A7E375D000CF1FD /* Debug */,
				AB60024B2A7E375D000CF1FD /* Release */,
			);
			defaultConfigurationIsVisible = 0;
			defaultConfigurationName = Release;
		};
/* End XCConfigurationList section */

/* Begin XCRemoteSwiftPackageReference section */
		AB6148FC2A90A8050079CEC9 /* XCRemoteSwiftPackageReference "naveridlogin-sdk-ios-spm" */ = {
			isa = XCRemoteSwiftPackageReference;
			repositoryURL = "https://github.com/Huhyukyung/naveridlogin-sdk-ios-spm.git";
			requirement = {
				branch = master;
				kind = branch;
			};
		};
		AB6148FF2A90A8610079CEC9 /* XCRemoteSwiftPackageReference "RxSwift" */ = {
			isa = XCRemoteSwiftPackageReference;
			repositoryURL = "https://github.com/ReactiveX/RxSwift.git";
			requirement = {
				kind = upToNextMajorVersion;
				minimumVersion = 6.0.0;
			};
		};
		AB6149102A90A9F40079CEC9 /* XCRemoteSwiftPackageReference "RxDataSources" */ = {
			isa = XCRemoteSwiftPackageReference;
			repositoryURL = "https://github.com/RxSwiftCommunity/RxDataSources.git";
			requirement = {
				kind = upToNextMajorVersion;
				minimumVersion = 5.0.0;
			};
		};
		AB6149132A90AA140079CEC9 /* XCRemoteSwiftPackageReference "NSObject-Rx" */ = {
			isa = XCRemoteSwiftPackageReference;
			repositoryURL = "https://github.com/RxSwiftCommunity/NSObject-Rx.git";
			requirement = {
				kind = upToNextMajorVersion;
				minimumVersion = 5.0.0;
			};
		};
		AB6149162A90AA3E0079CEC9 /* XCRemoteSwiftPackageReference "SnapKit" */ = {
			isa = XCRemoteSwiftPackageReference;
			repositoryURL = "https://github.com/SnapKit/SnapKit.git";
			requirement = {
				kind = upToNextMajorVersion;
				minimumVersion = 5.0.0;
			};
		};
		AB6149192A90AA820079CEC9 /* XCRemoteSwiftPackageReference "Kingfisher" */ = {
			isa = XCRemoteSwiftPackageReference;
			repositoryURL = "https://github.com/onevcat/Kingfisher.git";
			requirement = {
				kind = upToNextMajorVersion;
				minimumVersion = 7.0.0;
			};
		};
		AB61491C2A90AAB00079CEC9 /* XCRemoteSwiftPackageReference "SkeletonView" */ = {
			isa = XCRemoteSwiftPackageReference;
			repositoryURL = "https://github.com/Juanpe/SkeletonView.git";
			requirement = {
				kind = upToNextMajorVersion;
				minimumVersion = 1.0.0;
			};
		};
		AB61491F2A90AC890079CEC9 /* XCRemoteSwiftPackageReference "Then" */ = {
			isa = XCRemoteSwiftPackageReference;
			repositoryURL = "https://github.com/devxoul/Then.git";
			requirement = {
				kind = upToNextMajorVersion;
				minimumVersion = 3.0.0;
			};
		};
		AB6149222A90AD4D0079CEC9 /* XCRemoteSwiftPackageReference "kakao-ios-sdk" */ = {
			isa = XCRemoteSwiftPackageReference;
			repositoryURL = "https://github.com/kakao/kakao-ios-sdk";
			requirement = {
				kind = upToNextMajorVersion;
				minimumVersion = 2.0.0;
			};
		};
		AB61492B2A90AD980079CEC9 /* XCRemoteSwiftPackageReference "kakao-ios-sdk-rx" */ = {
			isa = XCRemoteSwiftPackageReference;
			repositoryURL = "https://github.com/kakao/kakao-ios-sdk-rx";
			requirement = {
				kind = upToNextMajorVersion;
				minimumVersion = 2.0.0;
			};
		};
		AB6149342A90B6CC0079CEC9 /* XCRemoteSwiftPackageReference "Moya" */ = {
			isa = XCRemoteSwiftPackageReference;
			repositoryURL = "https://github.com/Moya/Moya.git";
			requirement = {
				kind = upToNextMajorVersion;
				minimumVersion = 15.0.0;
			};
		};
/* End XCRemoteSwiftPackageReference section */

/* Begin XCSwiftPackageProductDependency section */
		AB6148FD2A90A8050079CEC9 /* NaverThirdPartyLogin */ = {
			isa = XCSwiftPackageProductDependency;
			package = AB6148FC2A90A8050079CEC9 /* XCRemoteSwiftPackageReference "naveridlogin-sdk-ios-spm" */;
			productName = NaverThirdPartyLogin;
		};
		AB6149002A90A8610079CEC9 /* RxCocoa */ = {
			isa = XCSwiftPackageProductDependency;
			package = AB6148FF2A90A8610079CEC9 /* XCRemoteSwiftPackageReference "RxSwift" */;
			productName = RxCocoa;
		};
		AB6149022A90A8610079CEC9 /* RxSwift */ = {
			isa = XCSwiftPackageProductDependency;
			package = AB6148FF2A90A8610079CEC9 /* XCRemoteSwiftPackageReference "RxSwift" */;
			productName = RxSwift;
		};
		AB6149112A90A9F40079CEC9 /* RxDataSources */ = {
			isa = XCSwiftPackageProductDependency;
			package = AB6149102A90A9F40079CEC9 /* XCRemoteSwiftPackageReference "RxDataSources" */;
			productName = RxDataSources;
		};
		AB6149142A90AA140079CEC9 /* NSObject-Rx */ = {
			isa = XCSwiftPackageProductDependency;
			package = AB6149132A90AA140079CEC9 /* XCRemoteSwiftPackageReference "NSObject-Rx" */;
			productName = "NSObject-Rx";
		};
		AB6149172A90AA3E0079CEC9 /* SnapKit */ = {
			isa = XCSwiftPackageProductDependency;
			package = AB6149162A90AA3E0079CEC9 /* XCRemoteSwiftPackageReference "SnapKit" */;
			productName = SnapKit;
		};
		AB61491A2A90AA820079CEC9 /* Kingfisher */ = {
			isa = XCSwiftPackageProductDependency;
			package = AB6149192A90AA820079CEC9 /* XCRemoteSwiftPackageReference "Kingfisher" */;
			productName = Kingfisher;
		};
		AB61491D2A90AAB00079CEC9 /* SkeletonView */ = {
			isa = XCSwiftPackageProductDependency;
			package = AB61491C2A90AAB00079CEC9 /* XCRemoteSwiftPackageReference "SkeletonView" */;
			productName = SkeletonView;
		};
		AB6149202A90AC890079CEC9 /* Then */ = {
			isa = XCSwiftPackageProductDependency;
			package = AB61491F2A90AC890079CEC9 /* XCRemoteSwiftPackageReference "Then" */;
			productName = Then;
		};
		AB6149232A90AD4D0079CEC9 /* KakaoSDK */ = {
			isa = XCSwiftPackageProductDependency;
			package = AB6149222A90AD4D0079CEC9 /* XCRemoteSwiftPackageReference "kakao-ios-sdk" */;
			productName = KakaoSDK;
		};
		AB6149252A90AD4D0079CEC9 /* KakaoSDKAuth */ = {
			isa = XCSwiftPackageProductDependency;
			package = AB6149222A90AD4D0079CEC9 /* XCRemoteSwiftPackageReference "kakao-ios-sdk" */;
			productName = KakaoSDKAuth;
		};
		AB6149272A90AD4D0079CEC9 /* KakaoSDKCommon */ = {
			isa = XCSwiftPackageProductDependency;
			package = AB6149222A90AD4D0079CEC9 /* XCRemoteSwiftPackageReference "kakao-ios-sdk" */;
			productName = KakaoSDKCommon;
		};
		AB6149292A90AD4D0079CEC9 /* KakaoSDKUser */ = {
			isa = XCSwiftPackageProductDependency;
			package = AB6149222A90AD4D0079CEC9 /* XCRemoteSwiftPackageReference "kakao-ios-sdk" */;
			productName = KakaoSDKUser;
		};
		AB61492C2A90AD980079CEC9 /* RxKakaoSDK */ = {
			isa = XCSwiftPackageProductDependency;
			package = AB61492B2A90AD980079CEC9 /* XCRemoteSwiftPackageReference "kakao-ios-sdk-rx" */;
			productName = RxKakaoSDK;
		};
		AB61492E2A90AD980079CEC9 /* RxKakaoSDKAuth */ = {
			isa = XCSwiftPackageProductDependency;
			package = AB61492B2A90AD980079CEC9 /* XCRemoteSwiftPackageReference "kakao-ios-sdk-rx" */;
			productName = RxKakaoSDKAuth;
		};
		AB6149302A90AD980079CEC9 /* RxKakaoSDKCommon */ = {
			isa = XCSwiftPackageProductDependency;
			package = AB61492B2A90AD980079CEC9 /* XCRemoteSwiftPackageReference "kakao-ios-sdk-rx" */;
			productName = RxKakaoSDKCommon;
		};
		AB6149322A90AD980079CEC9 /* RxKakaoSDKUser */ = {
			isa = XCSwiftPackageProductDependency;
			package = AB61492B2A90AD980079CEC9 /* XCRemoteSwiftPackageReference "kakao-ios-sdk-rx" */;
			productName = RxKakaoSDKUser;
		};
		AB6149352A90B6CC0079CEC9 /* CombineMoya */ = {
			isa = XCSwiftPackageProductDependency;
			package = AB6149342A90B6CC0079CEC9 /* XCRemoteSwiftPackageReference "Moya" */;
			productName = CombineMoya;
		};
		AB6149372A90B6CC0079CEC9 /* Moya */ = {
			isa = XCSwiftPackageProductDependency;
			package = AB6149342A90B6CC0079CEC9 /* XCRemoteSwiftPackageReference "Moya" */;
			productName = Moya;
		};
		AB6149392A90B6CC0079CEC9 /* ReactiveMoya */ = {
			isa = XCSwiftPackageProductDependency;
			package = AB6149342A90B6CC0079CEC9 /* XCRemoteSwiftPackageReference "Moya" */;
			productName = ReactiveMoya;
		};
		AB61493B2A90B6CC0079CEC9 /* RxMoya */ = {
			isa = XCSwiftPackageProductDependency;
			package = AB6149342A90B6CC0079CEC9 /* XCRemoteSwiftPackageReference "Moya" */;
			productName = RxMoya;
		};
/* End XCSwiftPackageProductDependency section */
	};
	rootObject = AB60022A2A7E375D000CF1FD /* Project object */;
}
