// !$*UTF8*$!
{
	archiveVersion = 1;
	classes = {
	};
	objectVersion = 56;
	objects = {

/* Begin PBXBuildFile section */
		AB49A32B2A8104E000748484 /* SceneCoordinatorType.swift in Sources */ = {isa = PBXBuildFile; fileRef = AB49A32A2A8104E000748484 /* SceneCoordinatorType.swift */; };
		AB49A32D2A81053200748484 /* Scene.swift in Sources */ = {isa = PBXBuildFile; fileRef = AB49A32C2A81053200748484 /* Scene.swift */; };
		AB49A32F2A81055900748484 /* TransitionModel.swift in Sources */ = {isa = PBXBuildFile; fileRef = AB49A32E2A81055800748484 /* TransitionModel.swift */; };
		AB49A3332A8107A500748484 /* SceneCoordinator.swift in Sources */ = {isa = PBXBuildFile; fileRef = AB49A3322A8107A500748484 /* SceneCoordinator.swift */; };
		AB49A33A2A810B3500748484 /* LoginViewModel.swift in Sources */ = {isa = PBXBuildFile; fileRef = AB49A3392A810B3500748484 /* LoginViewModel.swift */; };
		AB49A33C2A810CAA00748484 /* ViewModelBindableType.swift in Sources */ = {isa = PBXBuildFile; fileRef = AB49A33B2A810CAA00748484 /* ViewModelBindableType.swift */; };
		AB49A33F2A810FE000748484 /* LoginViewController.swift in Sources */ = {isa = PBXBuildFile; fileRef = AB49A33D2A810FE000748484 /* LoginViewController.swift */; };
		AB49A3402A810FE000748484 /* LoginViewController.xib in Resources */ = {isa = PBXBuildFile; fileRef = AB49A33E2A810FE000748484 /* LoginViewController.xib */; };
		AB49A3442A81158900748484 /* FindIDPasswordViewController.swift in Sources */ = {isa = PBXBuildFile; fileRef = AB49A3422A81158900748484 /* FindIDPasswordViewController.swift */; };
		AB49A3452A81158900748484 /* FindIDPasswordViewController.xib in Resources */ = {isa = PBXBuildFile; fileRef = AB49A3432A81158900748484 /* FindIDPasswordViewController.xib */; };
		AB49A3472A81159F00748484 /* FindIDPasswordViewModel.swift in Sources */ = {isa = PBXBuildFile; fileRef = AB49A3462A81159F00748484 /* FindIDPasswordViewModel.swift */; };
		AB49A3492A8119B900748484 /* CommonViewModel.swift in Sources */ = {isa = PBXBuildFile; fileRef = AB49A3482A8119B900748484 /* CommonViewModel.swift */; };
		3650F61B2A849BF10017645D /* UIColor+Extension.swift in Sources */ = {isa = PBXBuildFile; fileRef = 3650F61A2A849BF10017645D /* UIColor+Extension.swift */; };
		AB6002362A7E375D000CF1FD /* AppDelegate.swift in Sources */ = {isa = PBXBuildFile; fileRef = AB6002352A7E375D000CF1FD /* AppDelegate.swift */; };
		AB60023A2A7E375D000CF1FD /* ViewController.swift in Sources */ = {isa = PBXBuildFile; fileRef = AB6002392A7E375D000CF1FD /* ViewController.swift */; };
		AB60023D2A7E375D000CF1FD /* Main.storyboard in Resources */ = {isa = PBXBuildFile; fileRef = AB60023B2A7E375D000CF1FD /* Main.storyboard */; };
		AB6002422A7E375D000CF1FD /* Assets.xcassets in Resources */ = {isa = PBXBuildFile; fileRef = AB6002412A7E375D000CF1FD /* Assets.xcassets */; };
		AB6002452A7E375D000CF1FD /* LaunchScreen.storyboard in Resources */ = {isa = PBXBuildFile; fileRef = AB6002432A7E375D000CF1FD /* LaunchScreen.storyboard */; };
		E0BDEA0DC0E95129FC2019EC /* Pods_fone_ios_app.framework in Frameworks */ = {isa = PBXBuildFile; fileRef = 34DE88C04B16A23498371085 /* Pods_fone_ios_app.framework */; };
/* End PBXBuildFile section */

/* Begin PBXFileReference section */
		34DE88C04B16A23498371085 /* Pods_fone_ios_app.framework */ = {isa = PBXFileReference; explicitFileType = wrapper.framework; includeInIndex = 0; path = Pods_fone_ios_app.framework; sourceTree = BUILT_PRODUCTS_DIR; };
		3650F61A2A849BF10017645D /* UIColor+Extension.swift */ = {isa = PBXFileReference; lastKnownFileType = sourcecode.swift; path = "UIColor+Extension.swift"; sourceTree = "<group>"; };
		73B2586E188FFDD2D7707DE2 /* Pods-fone-ios-app.release.xcconfig */ = {isa = PBXFileReference; includeInIndex = 1; lastKnownFileType = text.xcconfig; name = "Pods-fone-ios-app.release.xcconfig"; path = "Target Support Files/Pods-fone-ios-app/Pods-fone-ios-app.release.xcconfig"; sourceTree = "<group>"; };
		AB49A32A2A8104E000748484 /* SceneCoordinatorType.swift */ = {isa = PBXFileReference; lastKnownFileType = sourcecode.swift; path = SceneCoordinatorType.swift; sourceTree = "<group>"; };
		AB49A32C2A81053200748484 /* Scene.swift */ = {isa = PBXFileReference; lastKnownFileType = sourcecode.swift; path = Scene.swift; sourceTree = "<group>"; };
		AB49A32E2A81055800748484 /* TransitionModel.swift */ = {isa = PBXFileReference; lastKnownFileType = sourcecode.swift; path = TransitionModel.swift; sourceTree = "<group>"; };
		AB49A3322A8107A500748484 /* SceneCoordinator.swift */ = {isa = PBXFileReference; lastKnownFileType = sourcecode.swift; path = SceneCoordinator.swift; sourceTree = "<group>"; };
		AB49A3392A810B3500748484 /* LoginViewModel.swift */ = {isa = PBXFileReference; lastKnownFileType = sourcecode.swift; path = LoginViewModel.swift; sourceTree = "<group>"; };
		AB49A33B2A810CAA00748484 /* ViewModelBindableType.swift */ = {isa = PBXFileReference; lastKnownFileType = sourcecode.swift; path = ViewModelBindableType.swift; sourceTree = "<group>"; };
		AB49A33D2A810FE000748484 /* LoginViewController.swift */ = {isa = PBXFileReference; lastKnownFileType = sourcecode.swift; path = LoginViewController.swift; sourceTree = "<group>"; };
		AB49A33E2A810FE000748484 /* LoginViewController.xib */ = {isa = PBXFileReference; lastKnownFileType = file.xib; path = LoginViewController.xib; sourceTree = "<group>"; };
		AB49A3422A81158900748484 /* FindIDPasswordViewController.swift */ = {isa = PBXFileReference; lastKnownFileType = sourcecode.swift; path = FindIDPasswordViewController.swift; sourceTree = "<group>"; };
		AB49A3432A81158900748484 /* FindIDPasswordViewController.xib */ = {isa = PBXFileReference; lastKnownFileType = file.xib; path = FindIDPasswordViewController.xib; sourceTree = "<group>"; };
		AB49A3462A81159F00748484 /* FindIDPasswordViewModel.swift */ = {isa = PBXFileReference; lastKnownFileType = sourcecode.swift; path = FindIDPasswordViewModel.swift; sourceTree = "<group>"; };
		AB49A3482A8119B900748484 /* CommonViewModel.swift */ = {isa = PBXFileReference; lastKnownFileType = sourcecode.swift; path = CommonViewModel.swift; sourceTree = "<group>"; };
		AB6002322A7E375D000CF1FD /* fone-ios-app.app */ = {isa = PBXFileReference; explicitFileType = wrapper.application; includeInIndex = 0; path = "fone-ios-app.app"; sourceTree = BUILT_PRODUCTS_DIR; };
		AB6002352A7E375D000CF1FD /* AppDelegate.swift */ = {isa = PBXFileReference; lastKnownFileType = sourcecode.swift; path = AppDelegate.swift; sourceTree = "<group>"; };
		AB6002392A7E375D000CF1FD /* ViewController.swift */ = {isa = PBXFileReference; lastKnownFileType = sourcecode.swift; path = ViewController.swift; sourceTree = "<group>"; };
		AB60023C2A7E375D000CF1FD /* Base */ = {isa = PBXFileReference; lastKnownFileType = file.storyboard; name = Base; path = Base.lproj/Main.storyboard; sourceTree = "<group>"; };
		AB6002412A7E375D000CF1FD /* Assets.xcassets */ = {isa = PBXFileReference; lastKnownFileType = folder.assetcatalog; path = Assets.xcassets; sourceTree = "<group>"; };
		AB6002442A7E375D000CF1FD /* Base */ = {isa = PBXFileReference; lastKnownFileType = file.storyboard; name = Base; path = Base.lproj/LaunchScreen.storyboard; sourceTree = "<group>"; };
		AB6002462A7E375D000CF1FD /* Info.plist */ = {isa = PBXFileReference; lastKnownFileType = text.plist.xml; path = Info.plist; sourceTree = "<group>"; };
		D4B6F0EC3D47C985DA64C29B /* Pods-fone-ios-app.debug.xcconfig */ = {isa = PBXFileReference; includeInIndex = 1; lastKnownFileType = text.xcconfig; name = "Pods-fone-ios-app.debug.xcconfig"; path = "Target Support Files/Pods-fone-ios-app/Pods-fone-ios-app.debug.xcconfig"; sourceTree = "<group>"; };
/* End PBXFileReference section */

/* Begin PBXFrameworksBuildPhase section */
		AB60022F2A7E375D000CF1FD /* Frameworks */ = {
			isa = PBXFrameworksBuildPhase;
			buildActionMask = 2147483647;
			files = (
				E0BDEA0DC0E95129FC2019EC /* Pods_fone_ios_app.framework in Frameworks */,
			);
			runOnlyForDeploymentPostprocessing = 0;
		};
/* End PBXFrameworksBuildPhase section */

/* Begin PBXGroup section */
		3650F6192A849BDB0017645D /* Extensions */ = {
			isa = PBXGroup;
			children = (
				3650F61A2A849BF10017645D /* UIColor+Extension.swift */,
			);
			path = Extensions;
			sourceTree = "<group>";
		};
		4E38C3E6B05E44D6F190F4C2 /* Frameworks */ = {
			isa = PBXGroup;
			children = (
				34DE88C04B16A23498371085 /* Pods_fone_ios_app.framework */,
			);
			name = Frameworks;
			sourceTree = "<group>";
		};
		AB49A3292A8104A000748484 /* Scene */ = {
			isa = PBXGroup;
			children = (
				AB49A32A2A8104E000748484 /* SceneCoordinatorType.swift */,
				AB49A32C2A81053200748484 /* Scene.swift */,
				AB49A32E2A81055800748484 /* TransitionModel.swift */,
				AB49A3322A8107A500748484 /* SceneCoordinator.swift */,
			);
			path = Scene;
			sourceTree = "<group>";
		};
		AB49A3342A810AC600748484 /* Login */ = {
			isa = PBXGroup;
			children = (
				AB49A3392A810B3500748484 /* LoginViewModel.swift */,
				AB49A33D2A810FE000748484 /* LoginViewController.swift */,
				AB49A33E2A810FE000748484 /* LoginViewController.xib */,
			);
			path = Login;
			sourceTree = "<group>";
		};
		AB49A3412A81156300748484 /* FindIDPassword */ = {
			isa = PBXGroup;
			children = (
				AB49A3422A81158900748484 /* FindIDPasswordViewController.swift */,
				AB49A3432A81158900748484 /* FindIDPasswordViewController.xib */,
				AB49A3462A81159F00748484 /* FindIDPasswordViewModel.swift */,
			);
			path = FindIDPassword;
			sourceTree = "<group>";
		};
		AB6002292A7E375D000CF1FD = {
			isa = PBXGroup;
			children = (
				AB6002342A7E375D000CF1FD /* fone-ios-app */,
				AB6002332A7E375D000CF1FD /* Products */,
				F9186D1B9A8EC496BD612481 /* Pods */,
				4E38C3E6B05E44D6F190F4C2 /* Frameworks */,
			);
			sourceTree = "<group>";
		};
		AB6002332A7E375D000CF1FD /* Products */ = {
			isa = PBXGroup;
			children = (
				AB6002322A7E375D000CF1FD /* fone-ios-app.app */,
			);
			name = Products;
			sourceTree = "<group>";
		};
		AB6002342A7E375D000CF1FD /* fone-ios-app */ = {
			isa = PBXGroup;
			children = (
				AB60024E2A7E42A6000CF1FD /* Common */,
				AB60024D2A7E3B15000CF1FD /* Model */,
				AB60024F2A7E4781000CF1FD /* Network */,
				AB49A3292A8104A000748484 /* Scene */,
				AB60024C2A7E3B05000CF1FD /* View */,
				AB6002352A7E375D000CF1FD /* AppDelegate.swift */,
				AB6002412A7E375D000CF1FD /* Assets.xcassets */,
				AB6002432A7E375D000CF1FD /* LaunchScreen.storyboard */,
				AB6002462A7E375D000CF1FD /* Info.plist */,
			);
			path = "fone-ios-app";
			sourceTree = "<group>";
		};
		AB60024C2A7E3B05000CF1FD /* View */ = {
			isa = PBXGroup;
			children = (
				AB49A3412A81156300748484 /* FindIDPassword */,
				AB49A3342A810AC600748484 /* Login */,
				AB6002392A7E375D000CF1FD /* ViewController.swift */,
				AB60023B2A7E375D000CF1FD /* Main.storyboard */,
			);
			path = View;
			sourceTree = "<group>";
		};
		AB60024D2A7E3B15000CF1FD /* Model */ = {
			isa = PBXGroup;
			children = (
			);
			path = Model;
			sourceTree = "<group>";
		};
		AB60024E2A7E42A6000CF1FD /* Common */ = {
			isa = PBXGroup;
			children = (
				AB49A33B2A810CAA00748484 /* ViewModelBindableType.swift */,
				AB49A3482A8119B900748484 /* CommonViewModel.swift */,
				3650F6192A849BDB0017645D /* Extensions */,
			);
			path = Common;
			sourceTree = "<group>";
		};
		AB60024F2A7E4781000CF1FD /* Network */ = {
			isa = PBXGroup;
			children = (
				AB6002502A7E478E000CF1FD /* API */,
			);
			path = Network;
			sourceTree = "<group>";
		};
		AB6002502A7E478E000CF1FD /* API */ = {
			isa = PBXGroup;
			children = (
			);
			path = API;
			sourceTree = "<group>";
		};
		F9186D1B9A8EC496BD612481 /* Pods */ = {
			isa = PBXGroup;
			children = (
				D4B6F0EC3D47C985DA64C29B /* Pods-fone-ios-app.debug.xcconfig */,
				73B2586E188FFDD2D7707DE2 /* Pods-fone-ios-app.release.xcconfig */,
			);
			path = Pods;
			sourceTree = "<group>";
		};
/* End PBXGroup section */

/* Begin PBXNativeTarget section */
		AB6002312A7E375D000CF1FD /* fone-ios-app */ = {
			isa = PBXNativeTarget;
			buildConfigurationList = AB6002492A7E375D000CF1FD /* Build configuration list for PBXNativeTarget "fone-ios-app" */;
			buildPhases = (
				483AB71A1161C196AD8CD09C /* [CP] Check Pods Manifest.lock */,
				AB60022E2A7E375D000CF1FD /* Sources */,
				AB60022F2A7E375D000CF1FD /* Frameworks */,
				AB6002302A7E375D000CF1FD /* Resources */,
				AAB07DB066BDAAE84FA962FA /* [CP] Embed Pods Frameworks */,
			);
			buildRules = (
			);
			dependencies = (
			);
			name = "fone-ios-app";
			productName = "fone-ios-app";
			productReference = AB6002322A7E375D000CF1FD /* fone-ios-app.app */;
			productType = "com.apple.product-type.application";
		};
/* End PBXNativeTarget section */

/* Begin PBXProject section */
		AB60022A2A7E375D000CF1FD /* Project object */ = {
			isa = PBXProject;
			attributes = {
				BuildIndependentTargetsInParallel = 1;
				LastSwiftUpdateCheck = 1430;
				LastUpgradeCheck = 1430;
				TargetAttributes = {
					AB6002312A7E375D000CF1FD = {
						CreatedOnToolsVersion = 14.3.1;
					};
				};
			};
			buildConfigurationList = AB60022D2A7E375D000CF1FD /* Build configuration list for PBXProject "fone-ios-app" */;
			compatibilityVersion = "Xcode 14.0";
			developmentRegion = en;
			hasScannedForEncodings = 0;
			knownRegions = (
				en,
				Base,
			);
			mainGroup = AB6002292A7E375D000CF1FD;
			productRefGroup = AB6002332A7E375D000CF1FD /* Products */;
			projectDirPath = "";
			projectRoot = "";
			targets = (
				AB6002312A7E375D000CF1FD /* fone-ios-app */,
			);
		};
/* End PBXProject section */

/* Begin PBXResourcesBuildPhase section */
		AB6002302A7E375D000CF1FD /* Resources */ = {
			isa = PBXResourcesBuildPhase;
			buildActionMask = 2147483647;
			files = (
				AB49A3402A810FE000748484 /* LoginViewController.xib in Resources */,
				AB49A3452A81158900748484 /* FindIDPasswordViewController.xib in Resources */,
				AB6002452A7E375D000CF1FD /* LaunchScreen.storyboard in Resources */,
				AB6002422A7E375D000CF1FD /* Assets.xcassets in Resources */,
				AB60023D2A7E375D000CF1FD /* Main.storyboard in Resources */,
			);
			runOnlyForDeploymentPostprocessing = 0;
		};
/* End PBXResourcesBuildPhase section */

/* Begin PBXShellScriptBuildPhase section */
		483AB71A1161C196AD8CD09C /* [CP] Check Pods Manifest.lock */ = {
			isa = PBXShellScriptBuildPhase;
			buildActionMask = 2147483647;
			files = (
			);
			inputFileListPaths = (
			);
			inputPaths = (
				"${PODS_PODFILE_DIR_PATH}/Podfile.lock",
				"${PODS_ROOT}/Manifest.lock",
			);
			name = "[CP] Check Pods Manifest.lock";
			outputFileListPaths = (
			);
			outputPaths = (
				"$(DERIVED_FILE_DIR)/Pods-fone-ios-app-checkManifestLockResult.txt",
			);
			runOnlyForDeploymentPostprocessing = 0;
			shellPath = /bin/sh;
			shellScript = "diff \"${PODS_PODFILE_DIR_PATH}/Podfile.lock\" \"${PODS_ROOT}/Manifest.lock\" > /dev/null\nif [ $? != 0 ] ; then\n    # print error to STDERR\n    echo \"error: The sandbox is not in sync with the Podfile.lock. Run 'pod install' or update your CocoaPods installation.\" >&2\n    exit 1\nfi\n# This output is used by Xcode 'outputs' to avoid re-running this script phase.\necho \"SUCCESS\" > \"${SCRIPT_OUTPUT_FILE_0}\"\n";
			showEnvVarsInLog = 0;
		};
		AAB07DB066BDAAE84FA962FA /* [CP] Embed Pods Frameworks */ = {
			isa = PBXShellScriptBuildPhase;
			buildActionMask = 2147483647;
			files = (
			);
			inputFileListPaths = (
				"${PODS_ROOT}/Target Support Files/Pods-fone-ios-app/Pods-fone-ios-app-frameworks-${CONFIGURATION}-input-files.xcfilelist",
			);
			name = "[CP] Embed Pods Frameworks";
			outputFileListPaths = (
				"${PODS_ROOT}/Target Support Files/Pods-fone-ios-app/Pods-fone-ios-app-frameworks-${CONFIGURATION}-output-files.xcfilelist",
			);
			runOnlyForDeploymentPostprocessing = 0;
			shellPath = /bin/sh;
			shellScript = "\"${PODS_ROOT}/Target Support Files/Pods-fone-ios-app/Pods-fone-ios-app-frameworks.sh\"\n";
			showEnvVarsInLog = 0;
		};
/* End PBXShellScriptBuildPhase section */

/* Begin PBXSourcesBuildPhase section */
		AB60022E2A7E375D000CF1FD /* Sources */ = {
			isa = PBXSourcesBuildPhase;
			buildActionMask = 2147483647;
			files = (
				AB49A33F2A810FE000748484 /* LoginViewController.swift in Sources */,
				AB49A3492A8119B900748484 /* CommonViewModel.swift in Sources */,
				AB49A32D2A81053200748484 /* Scene.swift in Sources */,
				AB49A3472A81159F00748484 /* FindIDPasswordViewModel.swift in Sources */,
				3650F61B2A849BF10017645D /* UIColor+Extension.swift in Sources */,
				AB60023A2A7E375D000CF1FD /* ViewController.swift in Sources */,
				AB49A33C2A810CAA00748484 /* ViewModelBindableType.swift in Sources */,
				AB6002362A7E375D000CF1FD /* AppDelegate.swift in Sources */,
				AB49A33A2A810B3500748484 /* LoginViewModel.swift in Sources */,
				AB49A3332A8107A500748484 /* SceneCoordinator.swift in Sources */,
				AB49A32F2A81055900748484 /* TransitionModel.swift in Sources */,
				AB49A32B2A8104E000748484 /* SceneCoordinatorType.swift in Sources */,
				AB49A3442A81158900748484 /* FindIDPasswordViewController.swift in Sources */,
			);
			runOnlyForDeploymentPostprocessing = 0;
		};
/* End PBXSourcesBuildPhase section */

/* Begin PBXVariantGroup section */
		AB60023B2A7E375D000CF1FD /* Main.storyboard */ = {
			isa = PBXVariantGroup;
			children = (
				AB60023C2A7E375D000CF1FD /* Base */,
			);
			name = Main.storyboard;
			sourceTree = "<group>";
		};
		AB6002432A7E375D000CF1FD /* LaunchScreen.storyboard */ = {
			isa = PBXVariantGroup;
			children = (
				AB6002442A7E375D000CF1FD /* Base */,
			);
			name = LaunchScreen.storyboard;
			sourceTree = "<group>";
		};
/* End PBXVariantGroup section */

/* Begin XCBuildConfiguration section */
		AB6002472A7E375D000CF1FD /* Debug */ = {
			isa = XCBuildConfiguration;
			buildSettings = {
				ALWAYS_SEARCH_USER_PATHS = NO;
				CLANG_ANALYZER_NONNULL = YES;
				CLANG_ANALYZER_NUMBER_OBJECT_CONVERSION = YES_AGGRESSIVE;
				CLANG_CXX_LANGUAGE_STANDARD = "gnu++20";
				CLANG_ENABLE_MODULES = YES;
				CLANG_ENABLE_OBJC_ARC = YES;
				CLANG_ENABLE_OBJC_WEAK = YES;
				CLANG_WARN_BLOCK_CAPTURE_AUTORELEASING = YES;
				CLANG_WARN_BOOL_CONVERSION = YES;
				CLANG_WARN_COMMA = YES;
				CLANG_WARN_CONSTANT_CONVERSION = YES;
				CLANG_WARN_DEPRECATED_OBJC_IMPLEMENTATIONS = YES;
				CLANG_WARN_DIRECT_OBJC_ISA_USAGE = YES_ERROR;
				CLANG_WARN_DOCUMENTATION_COMMENTS = YES;
				CLANG_WARN_EMPTY_BODY = YES;
				CLANG_WARN_ENUM_CONVERSION = YES;
				CLANG_WARN_INFINITE_RECURSION = YES;
				CLANG_WARN_INT_CONVERSION = YES;
				CLANG_WARN_NON_LITERAL_NULL_CONVERSION = YES;
				CLANG_WARN_OBJC_IMPLICIT_RETAIN_SELF = YES;
				CLANG_WARN_OBJC_LITERAL_CONVERSION = YES;
				CLANG_WARN_OBJC_ROOT_CLASS = YES_ERROR;
				CLANG_WARN_QUOTED_INCLUDE_IN_FRAMEWORK_HEADER = YES;
				CLANG_WARN_RANGE_LOOP_ANALYSIS = YES;
				CLANG_WARN_STRICT_PROTOTYPES = YES;
				CLANG_WARN_SUSPICIOUS_MOVE = YES;
				CLANG_WARN_UNGUARDED_AVAILABILITY = YES_AGGRESSIVE;
				CLANG_WARN_UNREACHABLE_CODE = YES;
				CLANG_WARN__DUPLICATE_METHOD_MATCH = YES;
				COPY_PHASE_STRIP = NO;
				DEBUG_INFORMATION_FORMAT = dwarf;
				ENABLE_STRICT_OBJC_MSGSEND = YES;
				ENABLE_TESTABILITY = YES;
				GCC_C_LANGUAGE_STANDARD = gnu11;
				GCC_DYNAMIC_NO_PIC = NO;
				GCC_NO_COMMON_BLOCKS = YES;
				GCC_OPTIMIZATION_LEVEL = 0;
				GCC_PREPROCESSOR_DEFINITIONS = (
					"DEBUG=1",
					"$(inherited)",
				);
				GCC_WARN_64_TO_32_BIT_CONVERSION = YES;
				GCC_WARN_ABOUT_RETURN_TYPE = YES_ERROR;
				GCC_WARN_UNDECLARED_SELECTOR = YES;
				GCC_WARN_UNINITIALIZED_AUTOS = YES_AGGRESSIVE;
				GCC_WARN_UNUSED_FUNCTION = YES;
				GCC_WARN_UNUSED_VARIABLE = YES;
				IPHONEOS_DEPLOYMENT_TARGET = 16.4;
				MTL_ENABLE_DEBUG_INFO = INCLUDE_SOURCE;
				MTL_FAST_MATH = YES;
				ONLY_ACTIVE_ARCH = YES;
				SDKROOT = iphoneos;
				SWIFT_ACTIVE_COMPILATION_CONDITIONS = DEBUG;
				SWIFT_OPTIMIZATION_LEVEL = "-Onone";
			};
			name = Debug;
		};
		AB6002482A7E375D000CF1FD /* Release */ = {
			isa = XCBuildConfiguration;
			buildSettings = {
				ALWAYS_SEARCH_USER_PATHS = NO;
				CLANG_ANALYZER_NONNULL = YES;
				CLANG_ANALYZER_NUMBER_OBJECT_CONVERSION = YES_AGGRESSIVE;
				CLANG_CXX_LANGUAGE_STANDARD = "gnu++20";
				CLANG_ENABLE_MODULES = YES;
				CLANG_ENABLE_OBJC_ARC = YES;
				CLANG_ENABLE_OBJC_WEAK = YES;
				CLANG_WARN_BLOCK_CAPTURE_AUTORELEASING = YES;
				CLANG_WARN_BOOL_CONVERSION = YES;
				CLANG_WARN_COMMA = YES;
				CLANG_WARN_CONSTANT_CONVERSION = YES;
				CLANG_WARN_DEPRECATED_OBJC_IMPLEMENTATIONS = YES;
				CLANG_WARN_DIRECT_OBJC_ISA_USAGE = YES_ERROR;
				CLANG_WARN_DOCUMENTATION_COMMENTS = YES;
				CLANG_WARN_EMPTY_BODY = YES;
				CLANG_WARN_ENUM_CONVERSION = YES;
				CLANG_WARN_INFINITE_RECURSION = YES;
				CLANG_WARN_INT_CONVERSION = YES;
				CLANG_WARN_NON_LITERAL_NULL_CONVERSION = YES;
				CLANG_WARN_OBJC_IMPLICIT_RETAIN_SELF = YES;
				CLANG_WARN_OBJC_LITERAL_CONVERSION = YES;
				CLANG_WARN_OBJC_ROOT_CLASS = YES_ERROR;
				CLANG_WARN_QUOTED_INCLUDE_IN_FRAMEWORK_HEADER = YES;
				CLANG_WARN_RANGE_LOOP_ANALYSIS = YES;
				CLANG_WARN_STRICT_PROTOTYPES = YES;
				CLANG_WARN_SUSPICIOUS_MOVE = YES;
				CLANG_WARN_UNGUARDED_AVAILABILITY = YES_AGGRESSIVE;
				CLANG_WARN_UNREACHABLE_CODE = YES;
				CLANG_WARN__DUPLICATE_METHOD_MATCH = YES;
				COPY_PHASE_STRIP = NO;
				DEBUG_INFORMATION_FORMAT = "dwarf-with-dsym";
				ENABLE_NS_ASSERTIONS = NO;
				ENABLE_STRICT_OBJC_MSGSEND = YES;
				GCC_C_LANGUAGE_STANDARD = gnu11;
				GCC_NO_COMMON_BLOCKS = YES;
				GCC_WARN_64_TO_32_BIT_CONVERSION = YES;
				GCC_WARN_ABOUT_RETURN_TYPE = YES_ERROR;
				GCC_WARN_UNDECLARED_SELECTOR = YES;
				GCC_WARN_UNINITIALIZED_AUTOS = YES_AGGRESSIVE;
				GCC_WARN_UNUSED_FUNCTION = YES;
				GCC_WARN_UNUSED_VARIABLE = YES;
				IPHONEOS_DEPLOYMENT_TARGET = 16.4;
				MTL_ENABLE_DEBUG_INFO = NO;
				MTL_FAST_MATH = YES;
				SDKROOT = iphoneos;
				SWIFT_COMPILATION_MODE = wholemodule;
				SWIFT_OPTIMIZATION_LEVEL = "-O";
				VALIDATE_PRODUCT = YES;
			};
			name = Release;
		};
		AB60024A2A7E375D000CF1FD /* Debug */ = {
			isa = XCBuildConfiguration;
			baseConfigurationReference = D4B6F0EC3D47C985DA64C29B /* Pods-fone-ios-app.debug.xcconfig */;
			buildSettings = {
				ASSETCATALOG_COMPILER_APPICON_NAME = AppIcon;
				ASSETCATALOG_COMPILER_GLOBAL_ACCENT_COLOR_NAME = AccentColor;
				CODE_SIGN_STYLE = Automatic;
				CURRENT_PROJECT_VERSION = 1;
				GENERATE_INFOPLIST_FILE = YES;
				INFOPLIST_FILE = "fone-ios-app/Info.plist";
				INFOPLIST_KEY_UIApplicationSupportsIndirectInputEvents = YES;
				INFOPLIST_KEY_UILaunchStoryboardName = LaunchScreen;
				INFOPLIST_KEY_UIMainStoryboardFile = Main;
				INFOPLIST_KEY_UISupportedInterfaceOrientations_iPad = "UIInterfaceOrientationPortrait UIInterfaceOrientationPortraitUpsideDown UIInterfaceOrientationLandscapeLeft UIInterfaceOrientationLandscapeRight";
				INFOPLIST_KEY_UISupportedInterfaceOrientations_iPhone = "UIInterfaceOrientationPortrait UIInterfaceOrientationLandscapeLeft UIInterfaceOrientationLandscapeRight";
				IPHONEOS_DEPLOYMENT_TARGET = 13.0;
				LD_RUNPATH_SEARCH_PATHS = (
					"$(inherited)",
					"@executable_path/Frameworks",
				);
				MARKETING_VERSION = 1.0;
				PRODUCT_BUNDLE_IDENTIFIER = com.fone.filmone;
				PRODUCT_NAME = "$(TARGET_NAME)";
				SWIFT_EMIT_LOC_STRINGS = YES;
				SWIFT_VERSION = 5.0;
				TARGETED_DEVICE_FAMILY = "1,2";
			};
			name = Debug;
		};
		AB60024B2A7E375D000CF1FD /* Release */ = {
			isa = XCBuildConfiguration;
			baseConfigurationReference = 73B2586E188FFDD2D7707DE2 /* Pods-fone-ios-app.release.xcconfig */;
			buildSettings = {
				ASSETCATALOG_COMPILER_APPICON_NAME = AppIcon;
				ASSETCATALOG_COMPILER_GLOBAL_ACCENT_COLOR_NAME = AccentColor;
				CODE_SIGN_STYLE = Automatic;
				CURRENT_PROJECT_VERSION = 1;
				GENERATE_INFOPLIST_FILE = YES;
				INFOPLIST_FILE = "fone-ios-app/Info.plist";
				INFOPLIST_KEY_UIApplicationSupportsIndirectInputEvents = YES;
				INFOPLIST_KEY_UILaunchStoryboardName = LaunchScreen;
				INFOPLIST_KEY_UIMainStoryboardFile = Main;
				INFOPLIST_KEY_UISupportedInterfaceOrientations_iPad = "UIInterfaceOrientationPortrait UIInterfaceOrientationPortraitUpsideDown UIInterfaceOrientationLandscapeLeft UIInterfaceOrientationLandscapeRight";
				INFOPLIST_KEY_UISupportedInterfaceOrientations_iPhone = "UIInterfaceOrientationPortrait UIInterfaceOrientationLandscapeLeft UIInterfaceOrientationLandscapeRight";
				IPHONEOS_DEPLOYMENT_TARGET = 13.0;
				LD_RUNPATH_SEARCH_PATHS = (
					"$(inherited)",
					"@executable_path/Frameworks",
				);
				MARKETING_VERSION = 1.0;
				PRODUCT_BUNDLE_IDENTIFIER = com.fone.filmone;
				PRODUCT_NAME = "$(TARGET_NAME)";
				SWIFT_EMIT_LOC_STRINGS = YES;
				SWIFT_VERSION = 5.0;
				TARGETED_DEVICE_FAMILY = "1,2";
			};
			name = Release;
		};
/* End XCBuildConfiguration section */

/* Begin XCConfigurationList section */
		AB60022D2A7E375D000CF1FD /* Build configuration list for PBXProject "fone-ios-app" */ = {
			isa = XCConfigurationList;
			buildConfigurations = (
				AB6002472A7E375D000CF1FD /* Debug */,
				AB6002482A7E375D000CF1FD /* Release */,
			);
			defaultConfigurationIsVisible = 0;
			defaultConfigurationName = Release;
		};
		AB6002492A7E375D000CF1FD /* Build configuration list for PBXNativeTarget "fone-ios-app" */ = {
			isa = XCConfigurationList;
			buildConfigurations = (
				AB60024A2A7E375D000CF1FD /* Debug */,
				AB60024B2A7E375D000CF1FD /* Release */,
			);
			defaultConfigurationIsVisible = 0;
			defaultConfigurationName = Release;
		};
/* End XCConfigurationList section */
	};
	rootObject = AB60022A2A7E375D000CF1FD /* Project object */;
}
